
Microsoft Visual Studio Solution File, Format Version 12.00
# Visual Studio Version 16
VisualStudioVersion = 16.0.29709.97
MinimumVisualStudioVersion = 10.0.40219.1
Project("{2150E333-8FDC-42A3-9474-1A3956D46DE8}") = "CH01", "CH01", "{1802B4CE-D919-45FB-A644-15038E3E27E4}"
EndProject
Project("{8BC9CEB8-8B4A-11D0-8D11-00A0C91BC942}") = "TemplateTest", "TemplateTest\TemplateTest.vcxproj", "{8790A866-6216-4D4E-B682-B75CDE0DBB1B}"
EndProject
Project("{2150E333-8FDC-42A3-9474-1A3956D46DE8}") = "CH02", "CH02", "{4517152C-C72F-4800-83A8-0F186408D4B5}"
EndProject
Project("{8BC9CEB8-8B4A-11D0-8D11-00A0C91BC942}") = "ExTest", "ExTest\ExTest.vcxproj", "{4FD00F75-CAD1-4CCE-9554-4D0EC757F41C}"
EndProject
Project("{2150E333-8FDC-42A3-9474-1A3956D46DE8}") = "CH03", "CH03", "{46C3376A-A6BD-4719-838A-44AB2727E28E}"
EndProject
Project("{8BC9CEB8-8B4A-11D0-8D11-00A0C91BC942}") = "VarTest", "VarTest\VarTest.vcxproj", "{E6BB2004-F23E-4C4A-81F1-0A933B077269}"
EndProject
Project("{8BC9CEB8-8B4A-11D0-8D11-00A0C91BC942}") = "StringTest", "StringTest\StringTest.vcxproj", "{7E275BCF-D3A7-4C34-BC5F-BA08831F920A}"
EndProject
Project("{8BC9CEB8-8B4A-11D0-8D11-00A0C91BC942}") = "ScanfTest", "ScanfTest\ScanfTest.vcxproj", "{78FA33FA-E38B-4917-A3C3-D0412076C86C}"
EndProject
Global
	GlobalSection(SolutionConfigurationPlatforms) = preSolution
		Debug|x64 = Debug|x64
		Debug|x86 = Debug|x86
		Release|x64 = Release|x64
		Release|x86 = Release|x86
	EndGlobalSection
	GlobalSection(ProjectConfigurationPlatforms) = postSolution
		{8790A866-6216-4D4E-B682-B75CDE0DBB1B}.Debug|x64.ActiveCfg = Debug|x64
		{8790A866-6216-4D4E-B682-B75CDE0DBB1B}.Debug|x64.Build.0 = Debug|x64
		{8790A866-6216-4D4E-B682-B75CDE0DBB1B}.Debug|x86.ActiveCfg = Debug|Win32
		{8790A866-6216-4D4E-B682-B75CDE0DBB1B}.Debug|x86.Build.0 = Debug|Win32
		{8790A866-6216-4D4E-B682-B75CDE0DBB1B}.Release|x64.ActiveCfg = Release|x64
		{8790A866-6216-4D4E-B682-B75CDE0DBB1B}.Release|x64.Build.0 = Release|x64
		{8790A866-6216-4D4E-B682-B75CDE0DBB1B}.Release|x86.ActiveCfg = Release|Win32
		{8790A866-6216-4D4E-B682-B75CDE0DBB1B}.Release|x86.Build.0 = Release|Win32
		{4FD00F75-CAD1-4CCE-9554-4D0EC757F41C}.Debug|x64.ActiveCfg = Debug|x64
		{4FD00F75-CAD1-4CCE-9554-4D0EC757F41C}.Debug|x64.Build.0 = Debug|x64
		{4FD00F75-CAD1-4CCE-9554-4D0EC757F41C}.Debug|x86.ActiveCfg = Debug|Win32
		{4FD00F75-CAD1-4CCE-9554-4D0EC757F41C}.Debug|x86.Build.0 = Debug|Win32
		{4FD00F75-CAD1-4CCE-9554-4D0EC757F41C}.Release|x64.ActiveCfg = Release|x64
		{4FD00F75-CAD1-4CCE-9554-4D0EC757F41C}.Release|x64.Build.0 = Release|x64
		{4FD00F75-CAD1-4CCE-9554-4D0EC757F41C}.Release|x86.ActiveCfg = Release|Win32
		{4FD00F75-CAD1-4CCE-9554-4D0EC757F41C}.Release|x86.Build.0 = Release|Win32
		{E6BB2004-F23E-4C4A-81F1-0A933B077269}.Debug|x64.ActiveCfg = Debug|x64
		{E6BB2004-F23E-4C4A-81F1-0A933B077269}.Debug|x64.Build.0 = Debug|x64
		{E6BB2004-F23E-4C4A-81F1-0A933B077269}.Debug|x86.ActiveCfg = Debug|Win32
		{E6BB2004-F23E-4C4A-81F1-0A933B077269}.Debug|x86.Build.0 = Debug|Win32
		{E6BB2004-F23E-4C4A-81F1-0A933B077269}.Release|x64.ActiveCfg = Release|x64
		{E6BB2004-F23E-4C4A-81F1-0A933B077269}.Release|x64.Build.0 = Release|x64
		{E6BB2004-F23E-4C4A-81F1-0A933B077269}.Release|x86.ActiveCfg = Release|Win32
		{E6BB2004-F23E-4C4A-81F1-0A933B077269}.Release|x86.Build.0 = Release|Win32
		{7E275BCF-D3A7-4C34-BC5F-BA08831F920A}.Debug|x64.ActiveCfg = Debug|x64
		{7E275BCF-D3A7-4C34-BC5F-BA08831F920A}.Debug|x64.Build.0 = Debug|x64
		{7E275BCF-D3A7-4C34-BC5F-BA08831F920A}.Debug|x86.ActiveCfg = Debug|Win32
		{7E275BCF-D3A7-4C34-BC5F-BA08831F920A}.Debug|x86.Build.0 = Debug|Win32
		{7E275BCF-D3A7-4C34-BC5F-BA08831F920A}.Release|x64.ActiveCfg = Release|x64
		{7E275BCF-D3A7-4C34-BC5F-BA08831F920A}.Release|x64.Build.0 = Release|x64
		{7E275BCF-D3A7-4C34-BC5F-BA08831F920A}.Release|x86.ActiveCfg = Release|Win32
		{7E275BCF-D3A7-4C34-BC5F-BA08831F920A}.Release|x86.Build.0 = Release|Win32
		{78FA33FA-E38B-4917-A3C3-D0412076C86C}.Debug|x64.ActiveCfg = Debug|x64
		{78FA33FA-E38B-4917-A3C3-D0412076C86C}.Debug|x64.Build.0 = Debug|x64
		{78FA33FA-E38B-4917-A3C3-D0412076C86C}.Debug|x86.ActiveCfg = Debug|Win32
		{78FA33FA-E38B-4917-A3C3-D0412076C86C}.Debug|x86.Build.0 = Debug|Win32
		{78FA33FA-E38B-4917-A3C3-D0412076C86C}.Release|x64.ActiveCfg = Release|x64
		{78FA33FA-E38B-4917-A3C3-D0412076C86C}.Release|x64.Build.0 = Release|x64
		{78FA33FA-E38B-4917-A3C3-D0412076C86C}.Release|x86.ActiveCfg = Release|Win32
		{78FA33FA-E38B-4917-A3C3-D0412076C86C}.Release|x86.Build.0 = Release|Win32
	EndGlobalSection
	GlobalSection(SolutionProperties) = preSolution
		HideSolutionNode = FALSE
	EndGlobalSection
	GlobalSection(NestedProjects) = preSolution
		{8790A866-6216-4D4E-B682-B75CDE0DBB1B} = {1802B4CE-D919-45FB-A644-15038E3E27E4}
		{4FD00F75-CAD1-4CCE-9554-4D0EC757F41C} = {4517152C-C72F-4800-83A8-0F186408D4B5}
		{E6BB2004-F23E-4C4A-81F1-0A933B077269} = {46C3376A-A6BD-4719-838A-44AB2727E28E}
		{7E275BCF-D3A7-4C34-BC5F-BA08831F920A} = {46C3376A-A6BD-4719-838A-44AB2727E28E}
		{78FA33FA-E38B-4917-A3C3-D0412076C86C} = {46C3376A-A6BD-4719-838A-44AB2727E28E}
	EndGlobalSection
	GlobalSection(ExtensibilityGlobals) = postSolution
		SolutionGuid = {F5AD13B2-6E53-4A0A-BF1A-188ED5256EE3}
	EndGlobalSection
EndGlobal
