
Microsoft Visual Studio Solution File, Format Version 12.00
# Visual Studio Version 16
VisualStudioVersion = 16.0.29709.97
MinimumVisualStudioVersion = 10.0.40219.1
Project("{2150E333-8FDC-42A3-9474-1A3956D46DE8}") = "CH01", "CH01", "{1802B4CE-D919-45FB-A644-15038E3E27E4}"
EndProject
Project("{8BC9CEB8-8B4A-11D0-8D11-00A0C91BC942}") = "TemplateTest", "TemplateTest\TemplateTest.vcxproj", "{8790A866-6216-4D4E-B682-B75CDE0DBB1B}"
EndProject
Project("{2150E333-8FDC-42A3-9474-1A3956D46DE8}") = "CH02", "CH02", "{4517152C-C72F-4800-83A8-0F186408D4B5}"
EndProject
Project("{8BC9CEB8-8B4A-11D0-8D11-00A0C91BC942}") = "ExTest", "ExTest\ExTest.vcxproj", "{4FD00F75-CAD1-4CCE-9554-4D0EC757F41C}"
EndProject
Project("{2150E333-8FDC-42A3-9474-1A3956D46DE8}") = "CH03", "CH03", "{46C3376A-A6BD-4719-838A-44AB2727E28E}"
EndProject
Project("{8BC9CEB8-8B4A-11D0-8D11-00A0C91BC942}") = "VarTest", "VarTest\VarTest.vcxproj", "{E6BB2004-F23E-4C4A-81F1-0A933B077269}"
EndProject
Project("{8BC9CEB8-8B4A-11D0-8D11-00A0C91BC942}") = "StringTest", "StringTest\StringTest.vcxproj", "{7E275BCF-D3A7-4C34-BC5F-BA08831F920A}"
EndProject
Project("{8BC9CEB8-8B4A-11D0-8D11-00A0C91BC942}") = "ScanfTest", "ScanfTest\ScanfTest.vcxproj", "{78FA33FA-E38B-4917-A3C3-D0412076C86C}"
EndProject
Project("{2150E333-8FDC-42A3-9474-1A3956D46DE8}") = "CH04", "CH04", "{B1F77BA4-E9BB-4F89-8658-D39D59E5D908}"
EndProject
Project("{8BC9CEB8-8B4A-11D0-8D11-00A0C91BC942}") = "DeviceTest", "DeviceTest\DeviceTest.vcxproj", "{DEB62B22-B0AD-4B64-9738-A0646821098F}"
EndProject
Project("{8BC9CEB8-8B4A-11D0-8D11-00A0C91BC942}") = "CastTest", "CastTest\CastTest.vcxproj", "{6B99CF85-2157-448A-95E8-0A6E37737E0C}"
EndProject
Project("{8BC9CEB8-8B4A-11D0-8D11-00A0C91BC942}") = "OpTestApp", "CTempRebuild\CTempRebuild.vcxproj", "{68F24C53-6718-415B-BE61-17A06C796CD3}"
EndProject
Project("{2150E333-8FDC-42A3-9474-1A3956D46DE8}") = "CH05", "CH05", "{A4A98AA8-680B-418E-A3C8-2EBE02DAE207}"
EndProject
Project("{8BC9CEB8-8B4A-11D0-8D11-00A0C91BC942}") = "ifTest", "ifTest\ifTest.vcxproj", "{0A8C2078-30F1-4F8D-B695-73C70F7F36BC}"
EndProject
Project("{2150E333-8FDC-42A3-9474-1A3956D46DE8}") = "CH09", "CH09", "{6DA08371-C35F-4C8E-97F0-17E753CB7CB9}"
EndProject
Project("{8BC9CEB8-8B4A-11D0-8D11-00A0C91BC942}") = "PointTest", "PointTest\PointTest.vcxproj", "{10ABB3FA-2D5E-4480-B543-51EAF377C804}"
EndProject
Project("{2150E333-8FDC-42A3-9474-1A3956D46DE8}") = "CH06", "CH06", "{C1143778-DBB9-4BDB-8F26-852E9AE3F1A2}"
EndProject
Project("{2150E333-8FDC-42A3-9474-1A3956D46DE8}") = "CH07", "CH07", "{C7EDCD6A-E1B8-4889-8437-E4421D7400CE}"
EndProject
Project("{2150E333-8FDC-42A3-9474-1A3956D46DE8}") = "CH08", "CH08", "{548B1C5C-F40E-49F9-B6EA-07AD1EB40531}"
EndProject
Project("{8BC9CEB8-8B4A-11D0-8D11-00A0C91BC942}") = "ContinueTest", "ContinueTest\ContinueTest.vcxproj", "{506EB8D3-BC56-4533-9AA8-A7260A9F107A}"
EndProject
Project("{8BC9CEB8-8B4A-11D0-8D11-00A0C91BC942}") = "ForTest", "ForTest\ForTest.vcxproj", "{6A066CB3-8B5B-403A-923E-DCBDB8A2181D}"
EndProject
Project("{8BC9CEB8-8B4A-11D0-8D11-00A0C91BC942}") = "DoWhileTest", "DoWhileTest\DoWhileTest.vcxproj", "{E08C8575-7E0D-42FC-A68E-6C0BC87DF311}"
EndProject
Project("{8BC9CEB8-8B4A-11D0-8D11-00A0C91BC942}") = "SwitchTest", "SwitchTest\SwitchTest.vcxproj", "{035BB075-5AD0-4A65-BF35-7B2E3E058BE3}"
EndProject
Project("{8BC9CEB8-8B4A-11D0-8D11-00A0C91BC942}") = "RecursiveCall", "RecursiveCall\RecursiveCall.vcxproj", "{3C97E91A-5792-4A67-8746-A20CF519DB79}"
EndProject
Project("{8BC9CEB8-8B4A-11D0-8D11-00A0C91BC942}") = "SizeofTest", "SizeofTest\SizeofTest.vcxproj", "{0BF1CED8-15C6-4F8A-BE89-A2BBDC7961C5}"
EndProject
Project("{8BC9CEB8-8B4A-11D0-8D11-00A0C91BC942}") = "CharTest", "CharTest\CharTest.vcxproj", "{88667212-EECB-441B-9D85-E52D95B42589}"
EndProject
Project("{8BC9CEB8-8B4A-11D0-8D11-00A0C91BC942}") = "PointSize", "PointSize\PointSize.vcxproj", "{E9D2E1BA-1943-4BC1-996D-5C609B27BE8E}"
EndProject
Project("{8BC9CEB8-8B4A-11D0-8D11-00A0C91BC942}") = "PointCh", "PointCh\PointCh.vcxproj", "{6085B3E5-8B31-44D9-8E56-6DF06FA84405}"
EndProject
Global
	GlobalSection(SolutionConfigurationPlatforms) = preSolution
		Debug|x64 = Debug|x64
		Debug|x86 = Debug|x86
		Release|x64 = Release|x64
		Release|x86 = Release|x86
	EndGlobalSection
	GlobalSection(ProjectConfigurationPlatforms) = postSolution
		{8790A866-6216-4D4E-B682-B75CDE0DBB1B}.Debug|x64.ActiveCfg = Debug|x64
		{8790A866-6216-4D4E-B682-B75CDE0DBB1B}.Debug|x64.Build.0 = Debug|x64
		{8790A866-6216-4D4E-B682-B75CDE0DBB1B}.Debug|x86.ActiveCfg = Debug|Win32
		{8790A866-6216-4D4E-B682-B75CDE0DBB1B}.Debug|x86.Build.0 = Debug|Win32
		{8790A866-6216-4D4E-B682-B75CDE0DBB1B}.Release|x64.ActiveCfg = Release|x64
		{8790A866-6216-4D4E-B682-B75CDE0DBB1B}.Release|x64.Build.0 = Release|x64
		{8790A866-6216-4D4E-B682-B75CDE0DBB1B}.Release|x86.ActiveCfg = Release|Win32
		{8790A866-6216-4D4E-B682-B75CDE0DBB1B}.Release|x86.Build.0 = Release|Win32
		{4FD00F75-CAD1-4CCE-9554-4D0EC757F41C}.Debug|x64.ActiveCfg = Debug|x64
		{4FD00F75-CAD1-4CCE-9554-4D0EC757F41C}.Debug|x64.Build.0 = Debug|x64
		{4FD00F75-CAD1-4CCE-9554-4D0EC757F41C}.Debug|x86.ActiveCfg = Debug|Win32
		{4FD00F75-CAD1-4CCE-9554-4D0EC757F41C}.Debug|x86.Build.0 = Debug|Win32
		{4FD00F75-CAD1-4CCE-9554-4D0EC757F41C}.Release|x64.ActiveCfg = Release|x64
		{4FD00F75-CAD1-4CCE-9554-4D0EC757F41C}.Release|x64.Build.0 = Release|x64
		{4FD00F75-CAD1-4CCE-9554-4D0EC757F41C}.Release|x86.ActiveCfg = Release|Win32
		{4FD00F75-CAD1-4CCE-9554-4D0EC757F41C}.Release|x86.Build.0 = Release|Win32
		{E6BB2004-F23E-4C4A-81F1-0A933B077269}.Debug|x64.ActiveCfg = Debug|x64
		{E6BB2004-F23E-4C4A-81F1-0A933B077269}.Debug|x64.Build.0 = Debug|x64
		{E6BB2004-F23E-4C4A-81F1-0A933B077269}.Debug|x86.ActiveCfg = Debug|Win32
		{E6BB2004-F23E-4C4A-81F1-0A933B077269}.Debug|x86.Build.0 = Debug|Win32
		{E6BB2004-F23E-4C4A-81F1-0A933B077269}.Release|x64.ActiveCfg = Release|x64
		{E6BB2004-F23E-4C4A-81F1-0A933B077269}.Release|x64.Build.0 = Release|x64
		{E6BB2004-F23E-4C4A-81F1-0A933B077269}.Release|x86.ActiveCfg = Release|Win32
		{E6BB2004-F23E-4C4A-81F1-0A933B077269}.Release|x86.Build.0 = Release|Win32
		{7E275BCF-D3A7-4C34-BC5F-BA08831F920A}.Debug|x64.ActiveCfg = Debug|x64
		{7E275BCF-D3A7-4C34-BC5F-BA08831F920A}.Debug|x64.Build.0 = Debug|x64
		{7E275BCF-D3A7-4C34-BC5F-BA08831F920A}.Debug|x86.ActiveCfg = Debug|Win32
		{7E275BCF-D3A7-4C34-BC5F-BA08831F920A}.Debug|x86.Build.0 = Debug|Win32
		{7E275BCF-D3A7-4C34-BC5F-BA08831F920A}.Release|x64.ActiveCfg = Release|x64
		{7E275BCF-D3A7-4C34-BC5F-BA08831F920A}.Release|x64.Build.0 = Release|x64
		{7E275BCF-D3A7-4C34-BC5F-BA08831F920A}.Release|x86.ActiveCfg = Release|Win32
		{7E275BCF-D3A7-4C34-BC5F-BA08831F920A}.Release|x86.Build.0 = Release|Win32
		{78FA33FA-E38B-4917-A3C3-D0412076C86C}.Debug|x64.ActiveCfg = Debug|x64
		{78FA33FA-E38B-4917-A3C3-D0412076C86C}.Debug|x64.Build.0 = Debug|x64
		{78FA33FA-E38B-4917-A3C3-D0412076C86C}.Debug|x86.ActiveCfg = Debug|Win32
		{78FA33FA-E38B-4917-A3C3-D0412076C86C}.Debug|x86.Build.0 = Debug|Win32
		{78FA33FA-E38B-4917-A3C3-D0412076C86C}.Release|x64.ActiveCfg = Release|x64
		{78FA33FA-E38B-4917-A3C3-D0412076C86C}.Release|x64.Build.0 = Release|x64
		{78FA33FA-E38B-4917-A3C3-D0412076C86C}.Release|x86.ActiveCfg = Release|Win32
		{78FA33FA-E38B-4917-A3C3-D0412076C86C}.Release|x86.Build.0 = Release|Win32
		{DEB62B22-B0AD-4B64-9738-A0646821098F}.Debug|x64.ActiveCfg = Debug|x64
		{DEB62B22-B0AD-4B64-9738-A0646821098F}.Debug|x64.Build.0 = Debug|x64
		{DEB62B22-B0AD-4B64-9738-A0646821098F}.Debug|x86.ActiveCfg = Debug|Win32
		{DEB62B22-B0AD-4B64-9738-A0646821098F}.Debug|x86.Build.0 = Debug|Win32
		{DEB62B22-B0AD-4B64-9738-A0646821098F}.Release|x64.ActiveCfg = Release|x64
		{DEB62B22-B0AD-4B64-9738-A0646821098F}.Release|x64.Build.0 = Release|x64
		{DEB62B22-B0AD-4B64-9738-A0646821098F}.Release|x86.ActiveCfg = Release|Win32
		{DEB62B22-B0AD-4B64-9738-A0646821098F}.Release|x86.Build.0 = Release|Win32
		{6B99CF85-2157-448A-95E8-0A6E37737E0C}.Debug|x64.ActiveCfg = Debug|x64
		{6B99CF85-2157-448A-95E8-0A6E37737E0C}.Debug|x64.Build.0 = Debug|x64
		{6B99CF85-2157-448A-95E8-0A6E37737E0C}.Debug|x86.ActiveCfg = Debug|Win32
		{6B99CF85-2157-448A-95E8-0A6E37737E0C}.Debug|x86.Build.0 = Debug|Win32
		{6B99CF85-2157-448A-95E8-0A6E37737E0C}.Release|x64.ActiveCfg = Release|x64
		{6B99CF85-2157-448A-95E8-0A6E37737E0C}.Release|x64.Build.0 = Release|x64
		{6B99CF85-2157-448A-95E8-0A6E37737E0C}.Release|x86.ActiveCfg = Release|Win32
		{6B99CF85-2157-448A-95E8-0A6E37737E0C}.Release|x86.Build.0 = Release|Win32
		{68F24C53-6718-415B-BE61-17A06C796CD3}.Debug|x64.ActiveCfg = Debug|x64
		{68F24C53-6718-415B-BE61-17A06C796CD3}.Debug|x64.Build.0 = Debug|x64
		{68F24C53-6718-415B-BE61-17A06C796CD3}.Debug|x86.ActiveCfg = Debug|Win32
		{68F24C53-6718-415B-BE61-17A06C796CD3}.Debug|x86.Build.0 = Debug|Win32
		{68F24C53-6718-415B-BE61-17A06C796CD3}.Release|x64.ActiveCfg = Release|x64
		{68F24C53-6718-415B-BE61-17A06C796CD3}.Release|x64.Build.0 = Release|x64
		{68F24C53-6718-415B-BE61-17A06C796CD3}.Release|x86.ActiveCfg = Release|Win32
		{68F24C53-6718-415B-BE61-17A06C796CD3}.Release|x86.Build.0 = Release|Win32
		{0A8C2078-30F1-4F8D-B695-73C70F7F36BC}.Debug|x64.ActiveCfg = Debug|x64
		{0A8C2078-30F1-4F8D-B695-73C70F7F36BC}.Debug|x64.Build.0 = Debug|x64
		{0A8C2078-30F1-4F8D-B695-73C70F7F36BC}.Debug|x86.ActiveCfg = Debug|Win32
		{0A8C2078-30F1-4F8D-B695-73C70F7F36BC}.Debug|x86.Build.0 = Debug|Win32
		{0A8C2078-30F1-4F8D-B695-73C70F7F36BC}.Release|x64.ActiveCfg = Release|x64
		{0A8C2078-30F1-4F8D-B695-73C70F7F36BC}.Release|x64.Build.0 = Release|x64
		{0A8C2078-30F1-4F8D-B695-73C70F7F36BC}.Release|x86.ActiveCfg = Release|Win32
		{0A8C2078-30F1-4F8D-B695-73C70F7F36BC}.Release|x86.Build.0 = Release|Win32
		{10ABB3FA-2D5E-4480-B543-51EAF377C804}.Debug|x64.ActiveCfg = Debug|x64
		{10ABB3FA-2D5E-4480-B543-51EAF377C804}.Debug|x64.Build.0 = Debug|x64
		{10ABB3FA-2D5E-4480-B543-51EAF377C804}.Debug|x86.ActiveCfg = Debug|Win32
		{10ABB3FA-2D5E-4480-B543-51EAF377C804}.Debug|x86.Build.0 = Debug|Win32
		{10ABB3FA-2D5E-4480-B543-51EAF377C804}.Release|x64.ActiveCfg = Release|x64
		{10ABB3FA-2D5E-4480-B543-51EAF377C804}.Release|x64.Build.0 = Release|x64
		{10ABB3FA-2D5E-4480-B543-51EAF377C804}.Release|x86.ActiveCfg = Release|Win32
		{10ABB3FA-2D5E-4480-B543-51EAF377C804}.Release|x86.Build.0 = Release|Win32
		{506EB8D3-BC56-4533-9AA8-A7260A9F107A}.Debug|x64.ActiveCfg = Debug|x64
		{506EB8D3-BC56-4533-9AA8-A7260A9F107A}.Debug|x64.Build.0 = Debug|x64
		{506EB8D3-BC56-4533-9AA8-A7260A9F107A}.Debug|x86.ActiveCfg = Debug|Win32
		{506EB8D3-BC56-4533-9AA8-A7260A9F107A}.Debug|x86.Build.0 = Debug|Win32
		{506EB8D3-BC56-4533-9AA8-A7260A9F107A}.Release|x64.ActiveCfg = Release|x64
		{506EB8D3-BC56-4533-9AA8-A7260A9F107A}.Release|x64.Build.0 = Release|x64
		{506EB8D3-BC56-4533-9AA8-A7260A9F107A}.Release|x86.ActiveCfg = Release|Win32
		{506EB8D3-BC56-4533-9AA8-A7260A9F107A}.Release|x86.Build.0 = Release|Win32
		{6A066CB3-8B5B-403A-923E-DCBDB8A2181D}.Debug|x64.ActiveCfg = Debug|x64
		{6A066CB3-8B5B-403A-923E-DCBDB8A2181D}.Debug|x64.Build.0 = Debug|x64
		{6A066CB3-8B5B-403A-923E-DCBDB8A2181D}.Debug|x86.ActiveCfg = Debug|Win32
		{6A066CB3-8B5B-403A-923E-DCBDB8A2181D}.Debug|x86.Build.0 = Debug|Win32
		{6A066CB3-8B5B-403A-923E-DCBDB8A2181D}.Release|x64.ActiveCfg = Release|x64
		{6A066CB3-8B5B-403A-923E-DCBDB8A2181D}.Release|x64.Build.0 = Release|x64
		{6A066CB3-8B5B-403A-923E-DCBDB8A2181D}.Release|x86.ActiveCfg = Release|Win32
		{6A066CB3-8B5B-403A-923E-DCBDB8A2181D}.Release|x86.Build.0 = Release|Win32
		{E08C8575-7E0D-42FC-A68E-6C0BC87DF311}.Debug|x64.ActiveCfg = Debug|x64
		{E08C8575-7E0D-42FC-A68E-6C0BC87DF311}.Debug|x64.Build.0 = Debug|x64
		{E08C8575-7E0D-42FC-A68E-6C0BC87DF311}.Debug|x86.ActiveCfg = Debug|Win32
		{E08C8575-7E0D-42FC-A68E-6C0BC87DF311}.Debug|x86.Build.0 = Debug|Win32
		{E08C8575-7E0D-42FC-A68E-6C0BC87DF311}.Release|x64.ActiveCfg = Release|x64
		{E08C8575-7E0D-42FC-A68E-6C0BC87DF311}.Release|x64.Build.0 = Release|x64
		{E08C8575-7E0D-42FC-A68E-6C0BC87DF311}.Release|x86.ActiveCfg = Release|Win32
		{E08C8575-7E0D-42FC-A68E-6C0BC87DF311}.Release|x86.Build.0 = Release|Win32
		{035BB075-5AD0-4A65-BF35-7B2E3E058BE3}.Debug|x64.ActiveCfg = Debug|x64
		{035BB075-5AD0-4A65-BF35-7B2E3E058BE3}.Debug|x64.Build.0 = Debug|x64
		{035BB075-5AD0-4A65-BF35-7B2E3E058BE3}.Debug|x86.ActiveCfg = Debug|Win32
		{035BB075-5AD0-4A65-BF35-7B2E3E058BE3}.Debug|x86.Build.0 = Debug|Win32
		{035BB075-5AD0-4A65-BF35-7B2E3E058BE3}.Release|x64.ActiveCfg = Release|x64
		{035BB075-5AD0-4A65-BF35-7B2E3E058BE3}.Release|x64.Build.0 = Release|x64
		{035BB075-5AD0-4A65-BF35-7B2E3E058BE3}.Release|x86.ActiveCfg = Release|Win32
		{035BB075-5AD0-4A65-BF35-7B2E3E058BE3}.Release|x86.Build.0 = Release|Win32
		{3C97E91A-5792-4A67-8746-A20CF519DB79}.Debug|x64.ActiveCfg = Debug|x64
		{3C97E91A-5792-4A67-8746-A20CF519DB79}.Debug|x64.Build.0 = Debug|x64
		{3C97E91A-5792-4A67-8746-A20CF519DB79}.Debug|x86.ActiveCfg = Debug|Win32
		{3C97E91A-5792-4A67-8746-A20CF519DB79}.Debug|x86.Build.0 = Debug|Win32
		{3C97E91A-5792-4A67-8746-A20CF519DB79}.Release|x64.ActiveCfg = Release|x64
		{3C97E91A-5792-4A67-8746-A20CF519DB79}.Release|x64.Build.0 = Release|x64
		{3C97E91A-5792-4A67-8746-A20CF519DB79}.Release|x86.ActiveCfg = Release|Win32
		{3C97E91A-5792-4A67-8746-A20CF519DB79}.Release|x86.Build.0 = Release|Win32
		{0BF1CED8-15C6-4F8A-BE89-A2BBDC7961C5}.Debug|x64.ActiveCfg = Debug|x64
		{0BF1CED8-15C6-4F8A-BE89-A2BBDC7961C5}.Debug|x64.Build.0 = Debug|x64
		{0BF1CED8-15C6-4F8A-BE89-A2BBDC7961C5}.Debug|x86.ActiveCfg = Debug|Win32
		{0BF1CED8-15C6-4F8A-BE89-A2BBDC7961C5}.Debug|x86.Build.0 = Debug|Win32
		{0BF1CED8-15C6-4F8A-BE89-A2BBDC7961C5}.Release|x64.ActiveCfg = Release|x64
		{0BF1CED8-15C6-4F8A-BE89-A2BBDC7961C5}.Release|x64.Build.0 = Release|x64
		{0BF1CED8-15C6-4F8A-BE89-A2BBDC7961C5}.Release|x86.ActiveCfg = Release|Win32
		{0BF1CED8-15C6-4F8A-BE89-A2BBDC7961C5}.Release|x86.Build.0 = Release|Win32
		{88667212-EECB-441B-9D85-E52D95B42589}.Debug|x64.ActiveCfg = Debug|x64
		{88667212-EECB-441B-9D85-E52D95B42589}.Debug|x64.Build.0 = Debug|x64
		{88667212-EECB-441B-9D85-E52D95B42589}.Debug|x86.ActiveCfg = Debug|Win32
		{88667212-EECB-441B-9D85-E52D95B42589}.Debug|x86.Build.0 = Debug|Win32
		{88667212-EECB-441B-9D85-E52D95B42589}.Release|x64.ActiveCfg = Release|x64
		{88667212-EECB-441B-9D85-E52D95B42589}.Release|x64.Build.0 = Release|x64
		{88667212-EECB-441B-9D85-E52D95B42589}.Release|x86.ActiveCfg = Release|Win32
		{88667212-EECB-441B-9D85-E52D95B42589}.Release|x86.Build.0 = Release|Win32
		{E9D2E1BA-1943-4BC1-996D-5C609B27BE8E}.Debug|x64.ActiveCfg = Debug|x64
		{E9D2E1BA-1943-4BC1-996D-5C609B27BE8E}.Debug|x64.Build.0 = Debug|x64
		{E9D2E1BA-1943-4BC1-996D-5C609B27BE8E}.Debug|x86.ActiveCfg = Debug|Win32
		{E9D2E1BA-1943-4BC1-996D-5C609B27BE8E}.Debug|x86.Build.0 = Debug|Win32
		{E9D2E1BA-1943-4BC1-996D-5C609B27BE8E}.Release|x64.ActiveCfg = Release|x64
		{E9D2E1BA-1943-4BC1-996D-5C609B27BE8E}.Release|x64.Build.0 = Release|x64
		{E9D2E1BA-1943-4BC1-996D-5C609B27BE8E}.Release|x86.ActiveCfg = Release|Win32
		{E9D2E1BA-1943-4BC1-996D-5C609B27BE8E}.Release|x86.Build.0 = Release|Win32
		{6085B3E5-8B31-44D9-8E56-6DF06FA84405}.Debug|x64.ActiveCfg = Debug|x64
		{6085B3E5-8B31-44D9-8E56-6DF06FA84405}.Debug|x64.Build.0 = Debug|x64
		{6085B3E5-8B31-44D9-8E56-6DF06FA84405}.Debug|x86.ActiveCfg = Debug|Win32
		{6085B3E5-8B31-44D9-8E56-6DF06FA84405}.Debug|x86.Build.0 = Debug|Win32
		{6085B3E5-8B31-44D9-8E56-6DF06FA84405}.Release|x64.ActiveCfg = Release|x64
		{6085B3E5-8B31-44D9-8E56-6DF06FA84405}.Release|x64.Build.0 = Release|x64
		{6085B3E5-8B31-44D9-8E56-6DF06FA84405}.Release|x86.ActiveCfg = Release|Win32
		{6085B3E5-8B31-44D9-8E56-6DF06FA84405}.Release|x86.Build.0 = Release|Win32
	EndGlobalSection
	GlobalSection(SolutionProperties) = preSolution
		HideSolutionNode = FALSE
	EndGlobalSection
	GlobalSection(NestedProjects) = preSolution
		{8790A866-6216-4D4E-B682-B75CDE0DBB1B} = {1802B4CE-D919-45FB-A644-15038E3E27E4}
		{4FD00F75-CAD1-4CCE-9554-4D0EC757F41C} = {4517152C-C72F-4800-83A8-0F186408D4B5}
		{E6BB2004-F23E-4C4A-81F1-0A933B077269} = {46C3376A-A6BD-4719-838A-44AB2727E28E}
		{7E275BCF-D3A7-4C34-BC5F-BA08831F920A} = {46C3376A-A6BD-4719-838A-44AB2727E28E}
		{78FA33FA-E38B-4917-A3C3-D0412076C86C} = {46C3376A-A6BD-4719-838A-44AB2727E28E}
		{DEB62B22-B0AD-4B64-9738-A0646821098F} = {B1F77BA4-E9BB-4F89-8658-D39D59E5D908}
		{6B99CF85-2157-448A-95E8-0A6E37737E0C} = {B1F77BA4-E9BB-4F89-8658-D39D59E5D908}
		{68F24C53-6718-415B-BE61-17A06C796CD3} = {B1F77BA4-E9BB-4F89-8658-D39D59E5D908}
		{0A8C2078-30F1-4F8D-B695-73C70F7F36BC} = {A4A98AA8-680B-418E-A3C8-2EBE02DAE207}
		{10ABB3FA-2D5E-4480-B543-51EAF377C804} = {6DA08371-C35F-4C8E-97F0-17E753CB7CB9}
		{506EB8D3-BC56-4533-9AA8-A7260A9F107A} = {C1143778-DBB9-4BDB-8F26-852E9AE3F1A2}
		{6A066CB3-8B5B-403A-923E-DCBDB8A2181D} = {C1143778-DBB9-4BDB-8F26-852E9AE3F1A2}
		{E08C8575-7E0D-42FC-A68E-6C0BC87DF311} = {C1143778-DBB9-4BDB-8F26-852E9AE3F1A2}
		{035BB075-5AD0-4A65-BF35-7B2E3E058BE3} = {A4A98AA8-680B-418E-A3C8-2EBE02DAE207}
		{3C97E91A-5792-4A67-8746-A20CF519DB79} = {C7EDCD6A-E1B8-4889-8437-E4421D7400CE}
		{0BF1CED8-15C6-4F8A-BE89-A2BBDC7961C5} = {548B1C5C-F40E-49F9-B6EA-07AD1EB40531}
		{88667212-EECB-441B-9D85-E52D95B42589} = {548B1C5C-F40E-49F9-B6EA-07AD1EB40531}
		{E9D2E1BA-1943-4BC1-996D-5C609B27BE8E} = {6DA08371-C35F-4C8E-97F0-17E753CB7CB9}
		{6085B3E5-8B31-44D9-8E56-6DF06FA84405} = {6DA08371-C35F-4C8E-97F0-17E753CB7CB9}
	EndGlobalSection
	GlobalSection(ExtensibilityGlobals) = postSolution
		SolutionGuid = {F5AD13B2-6E53-4A0A-BF1A-188ED5256EE3}
	EndGlobalSection
EndGlobal
