
Microsoft Visual Studio Solution File, Format Version 12.00
# Visual Studio Version 16
VisualStudioVersion = 16.0.29709.97
MinimumVisualStudioVersion = 10.0.40219.1
Project("{2150E333-8FDC-42A3-9474-1A3956D46DE8}") = "CH01", "CH01", "{1802B4CE-D919-45FB-A644-15038E3E27E4}"
EndProject
Project("{8BC9CEB8-8B4A-11D0-8D11-00A0C91BC942}") = "TemplateTest", "TemplateTest\TemplateTest.vcxproj", "{8790A866-6216-4D4E-B682-B75CDE0DBB1B}"
EndProject
Project("{2150E333-8FDC-42A3-9474-1A3956D46DE8}") = "CH02", "CH02", "{4517152C-C72F-4800-83A8-0F186408D4B5}"
EndProject
Project("{8BC9CEB8-8B4A-11D0-8D11-00A0C91BC942}") = "ExTest", "ExTest\ExTest.vcxproj", "{4FD00F75-CAD1-4CCE-9554-4D0EC757F41C}"
EndProject
Project("{2150E333-8FDC-42A3-9474-1A3956D46DE8}") = "CH03", "CH03", "{46C3376A-A6BD-4719-838A-44AB2727E28E}"
EndProject
Project("{8BC9CEB8-8B4A-11D0-8D11-00A0C91BC942}") = "VarTest", "VarTest\VarTest.vcxproj", "{E6BB2004-F23E-4C4A-81F1-0A933B077269}"
EndProject
Project("{8BC9CEB8-8B4A-11D0-8D11-00A0C91BC942}") = "StringTest", "StringTest\StringTest.vcxproj", "{7E275BCF-D3A7-4C34-BC5F-BA08831F920A}"
EndProject
Project("{8BC9CEB8-8B4A-11D0-8D11-00A0C91BC942}") = "ScanfTest", "ScanfTest\ScanfTest.vcxproj", "{78FA33FA-E38B-4917-A3C3-D0412076C86C}"
EndProject
Project("{2150E333-8FDC-42A3-9474-1A3956D46DE8}") = "CH04", "CH04", "{B1F77BA4-E9BB-4F89-8658-D39D59E5D908}"
EndProject
Project("{8BC9CEB8-8B4A-11D0-8D11-00A0C91BC942}") = "DeviceTest", "DeviceTest\DeviceTest.vcxproj", "{DEB62B22-B0AD-4B64-9738-A0646821098F}"
EndProject
Project("{8BC9CEB8-8B4A-11D0-8D11-00A0C91BC942}") = "CastTest", "CastTest\CastTest.vcxproj", "{6B99CF85-2157-448A-95E8-0A6E37737E0C}"
EndProject
Project("{8BC9CEB8-8B4A-11D0-8D11-00A0C91BC942}") = "OpTestApp", "CTempRebuild\CTempRebuild.vcxproj", "{68F24C53-6718-415B-BE61-17A06C796CD3}"
EndProject
Project("{2150E333-8FDC-42A3-9474-1A3956D46DE8}") = "CH05", "CH05", "{A4A98AA8-680B-418E-A3C8-2EBE02DAE207}"
EndProject
Project("{8BC9CEB8-8B4A-11D0-8D11-00A0C91BC942}") = "ifTest", "ifTest\ifTest.vcxproj", "{0A8C2078-30F1-4F8D-B695-73C70F7F36BC}"
EndProject
Project("{2150E333-8FDC-42A3-9474-1A3956D46DE8}") = "CH09", "CH09", "{6DA08371-C35F-4C8E-97F0-17E753CB7CB9}"
EndProject
Project("{8BC9CEB8-8B4A-11D0-8D11-00A0C91BC942}") = "PointTest", "PointTest\PointTest.vcxproj", "{10ABB3FA-2D5E-4480-B543-51EAF377C804}"
EndProject
Project("{2150E333-8FDC-42A3-9474-1A3956D46DE8}") = "CH06", "CH06", "{C1143778-DBB9-4BDB-8F26-852E9AE3F1A2}"
EndProject
Project("{2150E333-8FDC-42A3-9474-1A3956D46DE8}") = "CH07", "CH07", "{C7EDCD6A-E1B8-4889-8437-E4421D7400CE}"
EndProject
Project("{2150E333-8FDC-42A3-9474-1A3956D46DE8}") = "CH08", "CH08", "{548B1C5C-F40E-49F9-B6EA-07AD1EB40531}"
EndProject
Project("{8BC9CEB8-8B4A-11D0-8D11-00A0C91BC942}") = "ContinueTest", "ContinueTest\ContinueTest.vcxproj", "{506EB8D3-BC56-4533-9AA8-A7260A9F107A}"
EndProject
Project("{8BC9CEB8-8B4A-11D0-8D11-00A0C91BC942}") = "ForTest", "ForTest\ForTest.vcxproj", "{6A066CB3-8B5B-403A-923E-DCBDB8A2181D}"
EndProject
Project("{8BC9CEB8-8B4A-11D0-8D11-00A0C91BC942}") = "DoWhileTest", "DoWhileTest\DoWhileTest.vcxproj", "{E08C8575-7E0D-42FC-A68E-6C0BC87DF311}"
EndProject
Project("{8BC9CEB8-8B4A-11D0-8D11-00A0C91BC942}") = "SwitchTest", "SwitchTest\SwitchTest.vcxproj", "{035BB075-5AD0-4A65-BF35-7B2E3E058BE3}"
EndProject
Project("{8BC9CEB8-8B4A-11D0-8D11-00A0C91BC942}") = "RecursiveCall", "RecursiveCall\RecursiveCall.vcxproj", "{3C97E91A-5792-4A67-8746-A20CF519DB79}"
EndProject
Project("{8BC9CEB8-8B4A-11D0-8D11-00A0C91BC942}") = "SizeofTest", "SizeofTest\SizeofTest.vcxproj", "{0BF1CED8-15C6-4F8A-BE89-A2BBDC7961C5}"
EndProject
Project("{8BC9CEB8-8B4A-11D0-8D11-00A0C91BC942}") = "CharTest", "CharTest\CharTest.vcxproj", "{88667212-EECB-441B-9D85-E52D95B42589}"
EndProject
Project("{8BC9CEB8-8B4A-11D0-8D11-00A0C91BC942}") = "PointSize", "PointSize\PointSize.vcxproj", "{E9D2E1BA-1943-4BC1-996D-5C609B27BE8E}"
EndProject
Project("{8BC9CEB8-8B4A-11D0-8D11-00A0C91BC942}") = "PointCh", "PointCh\PointCh.vcxproj", "{6085B3E5-8B31-44D9-8E56-6DF06FA84405}"
EndProject
Project("{2150E333-8FDC-42A3-9474-1A3956D46DE8}") = "CH10", "CH10", "{A8E578EA-11CA-49AD-9028-4750F4023BC4}"
EndProject
Project("{8BC9CEB8-8B4A-11D0-8D11-00A0C91BC942}") = "AryPointTest", "AryPointTest\AryPointTest.vcxproj", "{71BB0A1D-0A35-402B-944D-1E0D2F90FD10}"
EndProject
Project("{8BC9CEB8-8B4A-11D0-8D11-00A0C91BC942}") = "AryPointTest2", "AryPointTest2\AryPointTest2.vcxproj", "{47033356-21C1-4C15-B69F-CCC280B555BD}"
EndProject
Project("{8BC9CEB8-8B4A-11D0-8D11-00A0C91BC942}") = "AryMaxApp", "AryMaxApp\AryMaxApp.vcxproj", "{3E524AC6-1B41-40E2-832B-27063A63AEF9}"
EndProject
Project("{2150E333-8FDC-42A3-9474-1A3956D46DE8}") = "CH11", "CH11", "{FB0E20EA-7699-47A6-B6EB-C9FA58C0F688}"
EndProject
Project("{8BC9CEB8-8B4A-11D0-8D11-00A0C91BC942}") = "ASCIITest", "ASCIITest\ASCIITest.vcxproj", "{A8D7A8F9-9019-4D2F-A1E5-9A9D21923068}"
EndProject
Project("{8BC9CEB8-8B4A-11D0-8D11-00A0C91BC942}") = "BufScanf", "BufScanf\BufScanf.vcxproj", "{289D8452-DE1D-4EE9-A8B2-E7F9212D61BC}"
EndProject
Project("{8BC9CEB8-8B4A-11D0-8D11-00A0C91BC942}") = "ASCIITest2", "ASCIITest2\ASCIITest2.vcxproj", "{A650785F-2EEB-4DCE-A4F8-7715DC995EF6}"
EndProject
Project("{2150E333-8FDC-42A3-9474-1A3956D46DE8}") = "CH12", "CH12", "{295B9561-CA33-4A32-87C8-2FBB00CE5272}"
EndProject
Project("{8BC9CEB8-8B4A-11D0-8D11-00A0C91BC942}") = "StringPoApp", "StringPoApp\StringPoApp.vcxproj", "{A7CBDD3C-9830-4ADD-9F06-51796C110657}"
EndProject
Project("{8BC9CEB8-8B4A-11D0-8D11-00A0C91BC942}") = "PutsFputsApp", "PutsFputsApp\PutsFputsApp.vcxproj", "{F83B1584-6669-4305-91B5-77A0901FB433}"
EndProject
Project("{8BC9CEB8-8B4A-11D0-8D11-00A0C91BC942}") = "CH12Test", "CH12Test\CH12Test.vcxproj", "{3A53B5A3-6E69-4A4E-907B-9052C9D8A73B}"
EndProject
Project("{2150E333-8FDC-42A3-9474-1A3956D46DE8}") = "CH13", "CH13", "{BD81D2AF-49A0-4F58-894A-7B5E031306D3}"
EndProject
Project("{8BC9CEB8-8B4A-11D0-8D11-00A0C91BC942}") = "LocalVarApp", "LocalVarApp\LocalVarApp.vcxproj", "{42784270-AE5B-454E-AEE9-89947DF91BF1}"
EndProject
Project("{8BC9CEB8-8B4A-11D0-8D11-00A0C91BC942}") = "StrCpyCatLenApp", "StrCpyCatLenApp\StrCpyCatLenApp.vcxproj", "{521E8D24-E2FE-4854-A8FF-CF534EB606D3}"
EndProject
Project("{8BC9CEB8-8B4A-11D0-8D11-00A0C91BC942}") = "GlobalVarApp", "GlobalVarApp\GlobalVarApp.vcxproj", "{37524CF2-0268-4128-A1AB-D246C124BD43}"
EndProject
Project("{8BC9CEB8-8B4A-11D0-8D11-00A0C91BC942}") = "StaticVarApp", "StaticVarApp\StaticVarApp.vcxproj", "{B66507D4-DBB2-4914-9BE3-8E82CF18FCD2}"
EndProject
Project("{8BC9CEB8-8B4A-11D0-8D11-00A0C91BC942}") = "add_tenApp", "add_tenApp\add_tenApp.vcxproj", "{72EC30F4-6839-41AC-B820-7E45B5650C7F}"
EndProject
Project("{2150E333-8FDC-42A3-9474-1A3956D46DE8}") = "CH14", "CH14", "{84780378-F874-4AE1-A58B-F71ACCAA27A8}"
EndProject
Project("{8BC9CEB8-8B4A-11D0-8D11-00A0C91BC942}") = "avgApp", "avgApp\avgApp.vcxproj", "{AD6EBE4C-F3E8-4B9D-A27C-8D2ED6292A2C}"
EndProject
Project("{8BC9CEB8-8B4A-11D0-8D11-00A0C91BC942}") = "AryResetApp", "AryResetApp\AryResetApp.vcxproj", "{39F20068-9153-4620-910E-959AD481771A}"
EndProject
Project("{8BC9CEB8-8B4A-11D0-8D11-00A0C91BC942}") = "AryApp3", "AryApp3\AryApp3.vcxproj", "{980F6078-BDBA-430F-AE6A-8BF89C5BDFE7}"
EndProject
Project("{8BC9CEB8-8B4A-11D0-8D11-00A0C91BC942}") = "AryPointApp", "AryPointApp\AryPointApp.vcxproj", "{4CD7F2B0-32CC-477B-BB9F-4A462D507444}"
EndProject
Project("{2150E333-8FDC-42A3-9474-1A3956D46DE8}") = "CH15", "CH15", "{2A2BB6E0-BC7D-46CF-BE68-6E93E752AA77}"
EndProject
Project("{8BC9CEB8-8B4A-11D0-8D11-00A0C91BC942}") = "PointPointApp", "PointPointApp\PointPointApp.vcxproj", "{EAA38384-130B-4244-9F2D-25354EB0DBB2}"
EndProject
Project("{8BC9CEB8-8B4A-11D0-8D11-00A0C91BC942}") = "PointSwapApp", "PointSwapApp\PointSwapApp.vcxproj", "{235B0870-4944-478C-9A7E-53FA283438AC}"
EndProject
Project("{8BC9CEB8-8B4A-11D0-8D11-00A0C91BC942}") = "PointAryApp", "PointAryApp\PointAryApp.vcxproj", "{1F03B18B-622C-487D-9DF8-3DEAF2314E33}"
EndProject
Project("{8BC9CEB8-8B4A-11D0-8D11-00A0C91BC942}") = "PointAry2", "PointAry2\PointAry2.vcxproj", "{039F7785-61BB-48E3-AF9F-7A899931B948}"
EndProject
Project("{8BC9CEB8-8B4A-11D0-8D11-00A0C91BC942}") = "VarPoint", "VarPoint\VarPoint.vcxproj", "{484FA5E1-DA48-457D-A8B2-743B9988EB93}"
EndProject
Project("{8BC9CEB8-8B4A-11D0-8D11-00A0C91BC942}") = "VoidPoint", "VoidPoint\VoidPoint.vcxproj", "{02635EDC-0B1D-40CA-A057-66BB0D1D1092}"
EndProject
Project("{2150E333-8FDC-42A3-9474-1A3956D46DE8}") = "CH16", "CH16", "{1CA40F08-4304-4A34-996D-E575AA96DC11}"
EndProject
Project("{8BC9CEB8-8B4A-11D0-8D11-00A0C91BC942}") = "MallocApp", "MallocApp\MallocApp.vcxproj", "{9A53DEBB-E17A-47D0-9C38-B08EDCEA4070}"
EndProject
Project("{8BC9CEB8-8B4A-11D0-8D11-00A0C91BC942}") = "MallocAryApp", "MallocAryApp\MallocAryApp.vcxproj", "{33B963E5-77C8-409D-92AF-24C4EA0DDA39}"
EndProject
Project("{8BC9CEB8-8B4A-11D0-8D11-00A0C91BC942}") = "CallocReallocApp", "CallocReallocApp\CallocReallocApp.vcxproj", "{293C73A8-C3C5-4B96-9CC0-D9B3247C264E}"
EndProject
Project("{8BC9CEB8-8B4A-11D0-8D11-00A0C91BC942}") = "MallocAry3", "MallocAry3\MallocAry3.vcxproj", "{8F7B8D9D-DE06-4CE5-9737-39B9CDA21B0C}"
EndProject
Project("{8BC9CEB8-8B4A-11D0-8D11-00A0C91BC942}") = "CommandArgApp", "CommandArgApp\CommandArgApp.vcxproj", "{FCA15704-0C31-4F31-BCDD-880EBF63189F}"
EndProject
Project("{2150E333-8FDC-42A3-9474-1A3956D46DE8}") = "CH17", "CH17", "{F072254B-FD0E-4E18-AF2A-7BFE8E5076A0}"
EndProject
Project("{8BC9CEB8-8B4A-11D0-8D11-00A0C91BC942}") = "StructApp", "StructApp\StructApp.vcxproj", "{5E6B66DB-623B-47C6-80F5-FEC6E6FB1185}"
EndProject
Project("{8BC9CEB8-8B4A-11D0-8D11-00A0C91BC942}") = "StructDoubleApp", "StructDoubleApp\StructDoubleApp.vcxproj", "{A0A3182B-0BEF-4334-925D-44047A643C7B}"
EndProject
Project("{8BC9CEB8-8B4A-11D0-8D11-00A0C91BC942}") = "VisionApp", "VisionApp\VisionApp.vcxproj", "{F996C5CC-E34C-40B0-B9E4-317D9EA5D982}"
EndProject
Project("{8BC9CEB8-8B4A-11D0-8D11-00A0C91BC942}") = "StructPointApp", "StructPointApp\StructPointApp.vcxproj", "{8D7629A8-C38E-4B99-A395-9078D5D509C1}"
EndProject
Project("{8BC9CEB8-8B4A-11D0-8D11-00A0C91BC942}") = "StructAryReApp", "StructAryReApp\StructAryReApp.vcxproj", "{A675273E-1505-4ECD-9B0B-4FFB679DC0A6}"
EndProject
Project("{8BC9CEB8-8B4A-11D0-8D11-00A0C91BC942}") = "StructListApp", "StructListApp\StructListApp.vcxproj", "{74FFB28A-7620-4B55-BC6B-A2439577D78A}"
EndProject
Project("{8BC9CEB8-8B4A-11D0-8D11-00A0C91BC942}") = "LinkedListApp", "LinkedListApp\LinkedListApp.vcxproj", "{60B23276-D085-472B-9D45-C284E9FBBAE9}"
EndProject
Project("{8BC9CEB8-8B4A-11D0-8D11-00A0C91BC942}") = "UnionApp", "UnionApp\UnionApp.vcxproj", "{071096D7-9CB3-4DD8-A573-788AD66AF43F}"
EndProject
Project("{8BC9CEB8-8B4A-11D0-8D11-00A0C91BC942}") = "EnumApp", "EnumApp\EnumApp.vcxproj", "{D2266A79-B0A5-4045-96BE-262136420057}"
EndProject
Project("{8BC9CEB8-8B4A-11D0-8D11-00A0C91BC942}") = "TypedefApp", "TypedefApp\TypedefApp.vcxproj", "{80179AF6-78D4-4FC9-A8B5-5AFEC7DB8967}"
EndProject
Project("{2150E333-8FDC-42A3-9474-1A3956D46DE8}") = "CH18", "CH18", "{AA9BB0DC-4D73-4A23-9CD6-AD47DB256CEA}"
EndProject
Project("{8BC9CEB8-8B4A-11D0-8D11-00A0C91BC942}") = "FileOpenApp", "FileOpenApp\FileOpenApp.vcxproj", "{150CF9DF-44D1-4857-B8A2-80ED4DC53572}"
EndProject
Project("{8BC9CEB8-8B4A-11D0-8D11-00A0C91BC942}") = "StdinStdoutApp", "StdinStdoutApp\StdinStdoutApp.vcxproj", "{C18B31F6-9050-43ED-8469-C6DB6B5E8476}"
EndProject
Project("{8BC9CEB8-8B4A-11D0-8D11-00A0C91BC942}") = "FileAPlusApp", "FileAPlusApp\FileAPlusApp.vcxproj", "{4A372E0D-D966-4507-9360-4FBDDAC2665F}"
EndProject
Project("{8BC9CEB8-8B4A-11D0-8D11-00A0C91BC942}") = "FgetsFputsApp", "FgetsFputsApp\FgetsFputsApp.vcxproj", "{C7F872CF-E801-4E84-9ADF-0982F51D83CE}"
EndProject
Project("{8BC9CEB8-8B4A-11D0-8D11-00A0C91BC942}") = "FscanfFprintfApp", "FscanfFprintfApp\FscanfFprintfApp.vcxproj", "{893A8F5B-08CA-41B5-BB3B-736D0B47DF56}"
EndProject
Project("{8BC9CEB8-8B4A-11D0-8D11-00A0C91BC942}") = "BufFscanf", "BufFscanf\BufFscanf.vcxproj", "{BAC13F37-BD32-4B13-B319-85D114531388}"
EndProject
Project("{8BC9CEB8-8B4A-11D0-8D11-00A0C91BC942}") = "FreadFwriteApp", "FreadFwriteApp\FreadFwriteApp.vcxproj", "{58A8618F-097A-47C5-B034-CFD02DC90CB7}"
EndProject
Project("{2150E333-8FDC-42A3-9474-1A3956D46DE8}") = "CH19", "CH19", "{E7E90BBB-8696-4E9B-A29E-43F0AAF9FB13}"
EndProject
Project("{8BC9CEB8-8B4A-11D0-8D11-00A0C91BC942}") = "StudentHdrApp", "StudentHdrApp\StudentHdrApp.vcxproj", "{0D39D6E1-1A77-47D8-B985-C3B6FC567398}"
EndProject
Project("{8BC9CEB8-8B4A-11D0-8D11-00A0C91BC942}") = "DefineApp", "DefineApp\DefineApp.vcxproj", "{D6503184-8334-4DDA-8E26-AB8EA3CE872C}"
EndProject
Project("{8BC9CEB8-8B4A-11D0-8D11-00A0C91BC942}") = "DefineMulApp", "DefineMulApp\DefineMulApp.vcxproj", "{A0ABCA55-1AAF-451D-9FE8-63CBF3CEDAE9}"
EndProject
Project("{8BC9CEB8-8B4A-11D0-8D11-00A0C91BC942}") = "FuncApp", "FuncApp\FuncApp.vcxproj", "{EF23E90C-3B6D-4810-B5AD-E6109A9A41F3}"
EndProject
Project("{8BC9CEB8-8B4A-11D0-8D11-00A0C91BC942}") = "DefineIfElseApp", "DefineIfElseApp\DefineIfElseApp.vcxproj", "{DCE18C71-6B90-4F5D-9CBB-942BF9A3A915}"
EndProject
Project("{8BC9CEB8-8B4A-11D0-8D11-00A0C91BC942}") = "MainSubC", "MainSubC\MainSubC.vcxproj", "{C62B6304-7CC7-4FEE-A86F-905A0DF9CE11}"
EndProject
Project("{8BC9CEB8-8B4A-11D0-8D11-00A0C91BC942}") = "ExternStaticC", "ExternStaticC\ExternStaticC.vcxproj", "{CDCEF9E3-21D4-4076-A41E-C8F17AF6543B}"
EndProject
Project("{8BC9CEB8-8B4A-11D0-8D11-00A0C91BC942}") = "PointLineC", "PointLineC\PointLineC.vcxproj", "{AA07102F-62BA-4790-A928-31E6790DACF6}"
EndProject
Project("{8BC9CEB8-8B4A-11D0-8D11-00A0C91BC942}") = "SelectApp", "SelectApp\SelectApp.vcxproj", "{B33DDE99-A895-47C2-97B4-199E01D38CA1}"
EndProject
Project("{2150E333-8FDC-42A3-9474-1A3956D46DE8}") = "CH20", "CH20", "{9BEDC0D9-23A3-4496-8B64-A207AA40A6F2}"
EndProject
Project("{8BC9CEB8-8B4A-11D0-8D11-00A0C91BC942}") = "CMathLib", "CMathLib\CMathLib.vcxproj", "{B75D466A-66FE-43EC-8462-8152F7CE96FD}"
EndProject
Project("{8BC9CEB8-8B4A-11D0-8D11-00A0C91BC942}") = "UsingStaticLibApp", "UsingStaticLibApp\UsingStaticLibApp\UsingStaticLibApp.vcxproj", "{3B561569-E631-45FA-9C38-73B054241ADC}"
EndProject
Project("{8BC9CEB8-8B4A-11D0-8D11-00A0C91BC942}") = "MyMathLib", "MyMathLib\MyMathLib.vcxproj", "{A09DB7C9-E295-4109-B6C8-74B956F8C324}"
EndProject
Project("{8BC9CEB8-8B4A-11D0-8D11-00A0C91BC942}") = "UsingDynLibApp", "UsingDynLibApp\UsingDynLibApp.vcxproj", "{CEE05583-D33F-4506-9D1A-51C07A006960}"
EndProject
Project("{8BC9CEB8-8B4A-11D0-8D11-00A0C91BC942}") = "MySQLTestApp", "MySQLTestApp\MySQLTestApp.vcxproj", "{C4D99633-BD41-49DE-A663-F42DCFC89A10}"
EndProject
Project("{2150E333-8FDC-42A3-9474-1A3956D46DE8}") = "CH21", "CH21", "{E88FC71B-C6E2-4A76-9416-4D13959EBEDB}"
EndProject
Project("{8BC9CEB8-8B4A-11D0-8D11-00A0C91BC942}") = "JSONTestApp", "JSONTestApp\JSONTestApp.vcxproj", "{8A72B34F-8A27-4C9C-BB14-9E2F251212DD}"
EndProject
Project("{8BC9CEB8-8B4A-11D0-8D11-00A0C91BC942}") = "UsingParsonApp", "UsingParsonApp\UsingParsonApp.vcxproj", "{B0A4DD20-DDF3-4060-8168-182AB71C0A27}"
EndProject
Global
	GlobalSection(SolutionConfigurationPlatforms) = preSolution
		Debug|x64 = Debug|x64
		Debug|x86 = Debug|x86
		Release|x64 = Release|x64
		Release|x86 = Release|x86
	EndGlobalSection
	GlobalSection(ProjectConfigurationPlatforms) = postSolution
		{8790A866-6216-4D4E-B682-B75CDE0DBB1B}.Debug|x64.ActiveCfg = Debug|x64
		{8790A866-6216-4D4E-B682-B75CDE0DBB1B}.Debug|x64.Build.0 = Debug|x64
		{8790A866-6216-4D4E-B682-B75CDE0DBB1B}.Debug|x86.ActiveCfg = Debug|Win32
		{8790A866-6216-4D4E-B682-B75CDE0DBB1B}.Debug|x86.Build.0 = Debug|Win32
		{8790A866-6216-4D4E-B682-B75CDE0DBB1B}.Release|x64.ActiveCfg = Release|x64
		{8790A866-6216-4D4E-B682-B75CDE0DBB1B}.Release|x64.Build.0 = Release|x64
		{8790A866-6216-4D4E-B682-B75CDE0DBB1B}.Release|x86.ActiveCfg = Release|Win32
		{8790A866-6216-4D4E-B682-B75CDE0DBB1B}.Release|x86.Build.0 = Release|Win32
		{4FD00F75-CAD1-4CCE-9554-4D0EC757F41C}.Debug|x64.ActiveCfg = Debug|x64
		{4FD00F75-CAD1-4CCE-9554-4D0EC757F41C}.Debug|x64.Build.0 = Debug|x64
		{4FD00F75-CAD1-4CCE-9554-4D0EC757F41C}.Debug|x86.ActiveCfg = Debug|Win32
		{4FD00F75-CAD1-4CCE-9554-4D0EC757F41C}.Debug|x86.Build.0 = Debug|Win32
		{4FD00F75-CAD1-4CCE-9554-4D0EC757F41C}.Release|x64.ActiveCfg = Release|x64
		{4FD00F75-CAD1-4CCE-9554-4D0EC757F41C}.Release|x64.Build.0 = Release|x64
		{4FD00F75-CAD1-4CCE-9554-4D0EC757F41C}.Release|x86.ActiveCfg = Release|Win32
		{4FD00F75-CAD1-4CCE-9554-4D0EC757F41C}.Release|x86.Build.0 = Release|Win32
		{E6BB2004-F23E-4C4A-81F1-0A933B077269}.Debug|x64.ActiveCfg = Debug|x64
		{E6BB2004-F23E-4C4A-81F1-0A933B077269}.Debug|x64.Build.0 = Debug|x64
		{E6BB2004-F23E-4C4A-81F1-0A933B077269}.Debug|x86.ActiveCfg = Debug|Win32
		{E6BB2004-F23E-4C4A-81F1-0A933B077269}.Debug|x86.Build.0 = Debug|Win32
		{E6BB2004-F23E-4C4A-81F1-0A933B077269}.Release|x64.ActiveCfg = Release|x64
		{E6BB2004-F23E-4C4A-81F1-0A933B077269}.Release|x64.Build.0 = Release|x64
		{E6BB2004-F23E-4C4A-81F1-0A933B077269}.Release|x86.ActiveCfg = Release|Win32
		{E6BB2004-F23E-4C4A-81F1-0A933B077269}.Release|x86.Build.0 = Release|Win32
		{7E275BCF-D3A7-4C34-BC5F-BA08831F920A}.Debug|x64.ActiveCfg = Debug|x64
		{7E275BCF-D3A7-4C34-BC5F-BA08831F920A}.Debug|x64.Build.0 = Debug|x64
		{7E275BCF-D3A7-4C34-BC5F-BA08831F920A}.Debug|x86.ActiveCfg = Debug|Win32
		{7E275BCF-D3A7-4C34-BC5F-BA08831F920A}.Debug|x86.Build.0 = Debug|Win32
		{7E275BCF-D3A7-4C34-BC5F-BA08831F920A}.Release|x64.ActiveCfg = Release|x64
		{7E275BCF-D3A7-4C34-BC5F-BA08831F920A}.Release|x64.Build.0 = Release|x64
		{7E275BCF-D3A7-4C34-BC5F-BA08831F920A}.Release|x86.ActiveCfg = Release|Win32
		{7E275BCF-D3A7-4C34-BC5F-BA08831F920A}.Release|x86.Build.0 = Release|Win32
		{78FA33FA-E38B-4917-A3C3-D0412076C86C}.Debug|x64.ActiveCfg = Debug|x64
		{78FA33FA-E38B-4917-A3C3-D0412076C86C}.Debug|x64.Build.0 = Debug|x64
		{78FA33FA-E38B-4917-A3C3-D0412076C86C}.Debug|x86.ActiveCfg = Debug|Win32
		{78FA33FA-E38B-4917-A3C3-D0412076C86C}.Debug|x86.Build.0 = Debug|Win32
		{78FA33FA-E38B-4917-A3C3-D0412076C86C}.Release|x64.ActiveCfg = Release|x64
		{78FA33FA-E38B-4917-A3C3-D0412076C86C}.Release|x64.Build.0 = Release|x64
		{78FA33FA-E38B-4917-A3C3-D0412076C86C}.Release|x86.ActiveCfg = Release|Win32
		{78FA33FA-E38B-4917-A3C3-D0412076C86C}.Release|x86.Build.0 = Release|Win32
		{DEB62B22-B0AD-4B64-9738-A0646821098F}.Debug|x64.ActiveCfg = Debug|x64
		{DEB62B22-B0AD-4B64-9738-A0646821098F}.Debug|x64.Build.0 = Debug|x64
		{DEB62B22-B0AD-4B64-9738-A0646821098F}.Debug|x86.ActiveCfg = Debug|Win32
		{DEB62B22-B0AD-4B64-9738-A0646821098F}.Debug|x86.Build.0 = Debug|Win32
		{DEB62B22-B0AD-4B64-9738-A0646821098F}.Release|x64.ActiveCfg = Release|x64
		{DEB62B22-B0AD-4B64-9738-A0646821098F}.Release|x64.Build.0 = Release|x64
		{DEB62B22-B0AD-4B64-9738-A0646821098F}.Release|x86.ActiveCfg = Release|Win32
		{DEB62B22-B0AD-4B64-9738-A0646821098F}.Release|x86.Build.0 = Release|Win32
		{6B99CF85-2157-448A-95E8-0A6E37737E0C}.Debug|x64.ActiveCfg = Debug|x64
		{6B99CF85-2157-448A-95E8-0A6E37737E0C}.Debug|x64.Build.0 = Debug|x64
		{6B99CF85-2157-448A-95E8-0A6E37737E0C}.Debug|x86.ActiveCfg = Debug|Win32
		{6B99CF85-2157-448A-95E8-0A6E37737E0C}.Debug|x86.Build.0 = Debug|Win32
		{6B99CF85-2157-448A-95E8-0A6E37737E0C}.Release|x64.ActiveCfg = Release|x64
		{6B99CF85-2157-448A-95E8-0A6E37737E0C}.Release|x64.Build.0 = Release|x64
		{6B99CF85-2157-448A-95E8-0A6E37737E0C}.Release|x86.ActiveCfg = Release|Win32
		{6B99CF85-2157-448A-95E8-0A6E37737E0C}.Release|x86.Build.0 = Release|Win32
		{68F24C53-6718-415B-BE61-17A06C796CD3}.Debug|x64.ActiveCfg = Debug|x64
		{68F24C53-6718-415B-BE61-17A06C796CD3}.Debug|x64.Build.0 = Debug|x64
		{68F24C53-6718-415B-BE61-17A06C796CD3}.Debug|x86.ActiveCfg = Debug|Win32
		{68F24C53-6718-415B-BE61-17A06C796CD3}.Debug|x86.Build.0 = Debug|Win32
		{68F24C53-6718-415B-BE61-17A06C796CD3}.Release|x64.ActiveCfg = Release|x64
		{68F24C53-6718-415B-BE61-17A06C796CD3}.Release|x64.Build.0 = Release|x64
		{68F24C53-6718-415B-BE61-17A06C796CD3}.Release|x86.ActiveCfg = Release|Win32
		{68F24C53-6718-415B-BE61-17A06C796CD3}.Release|x86.Build.0 = Release|Win32
		{0A8C2078-30F1-4F8D-B695-73C70F7F36BC}.Debug|x64.ActiveCfg = Debug|x64
		{0A8C2078-30F1-4F8D-B695-73C70F7F36BC}.Debug|x64.Build.0 = Debug|x64
		{0A8C2078-30F1-4F8D-B695-73C70F7F36BC}.Debug|x86.ActiveCfg = Debug|Win32
		{0A8C2078-30F1-4F8D-B695-73C70F7F36BC}.Debug|x86.Build.0 = Debug|Win32
		{0A8C2078-30F1-4F8D-B695-73C70F7F36BC}.Release|x64.ActiveCfg = Release|x64
		{0A8C2078-30F1-4F8D-B695-73C70F7F36BC}.Release|x64.Build.0 = Release|x64
		{0A8C2078-30F1-4F8D-B695-73C70F7F36BC}.Release|x86.ActiveCfg = Release|Win32
		{0A8C2078-30F1-4F8D-B695-73C70F7F36BC}.Release|x86.Build.0 = Release|Win32
		{10ABB3FA-2D5E-4480-B543-51EAF377C804}.Debug|x64.ActiveCfg = Debug|x64
		{10ABB3FA-2D5E-4480-B543-51EAF377C804}.Debug|x64.Build.0 = Debug|x64
		{10ABB3FA-2D5E-4480-B543-51EAF377C804}.Debug|x86.ActiveCfg = Debug|Win32
		{10ABB3FA-2D5E-4480-B543-51EAF377C804}.Debug|x86.Build.0 = Debug|Win32
		{10ABB3FA-2D5E-4480-B543-51EAF377C804}.Release|x64.ActiveCfg = Release|x64
		{10ABB3FA-2D5E-4480-B543-51EAF377C804}.Release|x64.Build.0 = Release|x64
		{10ABB3FA-2D5E-4480-B543-51EAF377C804}.Release|x86.ActiveCfg = Release|Win32
		{10ABB3FA-2D5E-4480-B543-51EAF377C804}.Release|x86.Build.0 = Release|Win32
		{506EB8D3-BC56-4533-9AA8-A7260A9F107A}.Debug|x64.ActiveCfg = Debug|x64
		{506EB8D3-BC56-4533-9AA8-A7260A9F107A}.Debug|x64.Build.0 = Debug|x64
		{506EB8D3-BC56-4533-9AA8-A7260A9F107A}.Debug|x86.ActiveCfg = Debug|Win32
		{506EB8D3-BC56-4533-9AA8-A7260A9F107A}.Debug|x86.Build.0 = Debug|Win32
		{506EB8D3-BC56-4533-9AA8-A7260A9F107A}.Release|x64.ActiveCfg = Release|x64
		{506EB8D3-BC56-4533-9AA8-A7260A9F107A}.Release|x64.Build.0 = Release|x64
		{506EB8D3-BC56-4533-9AA8-A7260A9F107A}.Release|x86.ActiveCfg = Release|Win32
		{506EB8D3-BC56-4533-9AA8-A7260A9F107A}.Release|x86.Build.0 = Release|Win32
		{6A066CB3-8B5B-403A-923E-DCBDB8A2181D}.Debug|x64.ActiveCfg = Debug|x64
		{6A066CB3-8B5B-403A-923E-DCBDB8A2181D}.Debug|x64.Build.0 = Debug|x64
		{6A066CB3-8B5B-403A-923E-DCBDB8A2181D}.Debug|x86.ActiveCfg = Debug|Win32
		{6A066CB3-8B5B-403A-923E-DCBDB8A2181D}.Debug|x86.Build.0 = Debug|Win32
		{6A066CB3-8B5B-403A-923E-DCBDB8A2181D}.Release|x64.ActiveCfg = Release|x64
		{6A066CB3-8B5B-403A-923E-DCBDB8A2181D}.Release|x64.Build.0 = Release|x64
		{6A066CB3-8B5B-403A-923E-DCBDB8A2181D}.Release|x86.ActiveCfg = Release|Win32
		{6A066CB3-8B5B-403A-923E-DCBDB8A2181D}.Release|x86.Build.0 = Release|Win32
		{E08C8575-7E0D-42FC-A68E-6C0BC87DF311}.Debug|x64.ActiveCfg = Debug|x64
		{E08C8575-7E0D-42FC-A68E-6C0BC87DF311}.Debug|x64.Build.0 = Debug|x64
		{E08C8575-7E0D-42FC-A68E-6C0BC87DF311}.Debug|x86.ActiveCfg = Debug|Win32
		{E08C8575-7E0D-42FC-A68E-6C0BC87DF311}.Debug|x86.Build.0 = Debug|Win32
		{E08C8575-7E0D-42FC-A68E-6C0BC87DF311}.Release|x64.ActiveCfg = Release|x64
		{E08C8575-7E0D-42FC-A68E-6C0BC87DF311}.Release|x64.Build.0 = Release|x64
		{E08C8575-7E0D-42FC-A68E-6C0BC87DF311}.Release|x86.ActiveCfg = Release|Win32
		{E08C8575-7E0D-42FC-A68E-6C0BC87DF311}.Release|x86.Build.0 = Release|Win32
		{035BB075-5AD0-4A65-BF35-7B2E3E058BE3}.Debug|x64.ActiveCfg = Debug|x64
		{035BB075-5AD0-4A65-BF35-7B2E3E058BE3}.Debug|x64.Build.0 = Debug|x64
		{035BB075-5AD0-4A65-BF35-7B2E3E058BE3}.Debug|x86.ActiveCfg = Debug|Win32
		{035BB075-5AD0-4A65-BF35-7B2E3E058BE3}.Debug|x86.Build.0 = Debug|Win32
		{035BB075-5AD0-4A65-BF35-7B2E3E058BE3}.Release|x64.ActiveCfg = Release|x64
		{035BB075-5AD0-4A65-BF35-7B2E3E058BE3}.Release|x64.Build.0 = Release|x64
		{035BB075-5AD0-4A65-BF35-7B2E3E058BE3}.Release|x86.ActiveCfg = Release|Win32
		{035BB075-5AD0-4A65-BF35-7B2E3E058BE3}.Release|x86.Build.0 = Release|Win32
		{3C97E91A-5792-4A67-8746-A20CF519DB79}.Debug|x64.ActiveCfg = Debug|x64
		{3C97E91A-5792-4A67-8746-A20CF519DB79}.Debug|x64.Build.0 = Debug|x64
		{3C97E91A-5792-4A67-8746-A20CF519DB79}.Debug|x86.ActiveCfg = Debug|Win32
		{3C97E91A-5792-4A67-8746-A20CF519DB79}.Debug|x86.Build.0 = Debug|Win32
		{3C97E91A-5792-4A67-8746-A20CF519DB79}.Release|x64.ActiveCfg = Release|x64
		{3C97E91A-5792-4A67-8746-A20CF519DB79}.Release|x64.Build.0 = Release|x64
		{3C97E91A-5792-4A67-8746-A20CF519DB79}.Release|x86.ActiveCfg = Release|Win32
		{3C97E91A-5792-4A67-8746-A20CF519DB79}.Release|x86.Build.0 = Release|Win32
		{0BF1CED8-15C6-4F8A-BE89-A2BBDC7961C5}.Debug|x64.ActiveCfg = Debug|x64
		{0BF1CED8-15C6-4F8A-BE89-A2BBDC7961C5}.Debug|x64.Build.0 = Debug|x64
		{0BF1CED8-15C6-4F8A-BE89-A2BBDC7961C5}.Debug|x86.ActiveCfg = Debug|Win32
		{0BF1CED8-15C6-4F8A-BE89-A2BBDC7961C5}.Debug|x86.Build.0 = Debug|Win32
		{0BF1CED8-15C6-4F8A-BE89-A2BBDC7961C5}.Release|x64.ActiveCfg = Release|x64
		{0BF1CED8-15C6-4F8A-BE89-A2BBDC7961C5}.Release|x64.Build.0 = Release|x64
		{0BF1CED8-15C6-4F8A-BE89-A2BBDC7961C5}.Release|x86.ActiveCfg = Release|Win32
		{0BF1CED8-15C6-4F8A-BE89-A2BBDC7961C5}.Release|x86.Build.0 = Release|Win32
		{88667212-EECB-441B-9D85-E52D95B42589}.Debug|x64.ActiveCfg = Debug|x64
		{88667212-EECB-441B-9D85-E52D95B42589}.Debug|x64.Build.0 = Debug|x64
		{88667212-EECB-441B-9D85-E52D95B42589}.Debug|x86.ActiveCfg = Debug|Win32
		{88667212-EECB-441B-9D85-E52D95B42589}.Debug|x86.Build.0 = Debug|Win32
		{88667212-EECB-441B-9D85-E52D95B42589}.Release|x64.ActiveCfg = Release|x64
		{88667212-EECB-441B-9D85-E52D95B42589}.Release|x64.Build.0 = Release|x64
		{88667212-EECB-441B-9D85-E52D95B42589}.Release|x86.ActiveCfg = Release|Win32
		{88667212-EECB-441B-9D85-E52D95B42589}.Release|x86.Build.0 = Release|Win32
		{E9D2E1BA-1943-4BC1-996D-5C609B27BE8E}.Debug|x64.ActiveCfg = Debug|x64
		{E9D2E1BA-1943-4BC1-996D-5C609B27BE8E}.Debug|x64.Build.0 = Debug|x64
		{E9D2E1BA-1943-4BC1-996D-5C609B27BE8E}.Debug|x86.ActiveCfg = Debug|Win32
		{E9D2E1BA-1943-4BC1-996D-5C609B27BE8E}.Debug|x86.Build.0 = Debug|Win32
		{E9D2E1BA-1943-4BC1-996D-5C609B27BE8E}.Release|x64.ActiveCfg = Release|x64
		{E9D2E1BA-1943-4BC1-996D-5C609B27BE8E}.Release|x64.Build.0 = Release|x64
		{E9D2E1BA-1943-4BC1-996D-5C609B27BE8E}.Release|x86.ActiveCfg = Release|Win32
		{E9D2E1BA-1943-4BC1-996D-5C609B27BE8E}.Release|x86.Build.0 = Release|Win32
		{6085B3E5-8B31-44D9-8E56-6DF06FA84405}.Debug|x64.ActiveCfg = Debug|x64
		{6085B3E5-8B31-44D9-8E56-6DF06FA84405}.Debug|x64.Build.0 = Debug|x64
		{6085B3E5-8B31-44D9-8E56-6DF06FA84405}.Debug|x86.ActiveCfg = Debug|Win32
		{6085B3E5-8B31-44D9-8E56-6DF06FA84405}.Debug|x86.Build.0 = Debug|Win32
		{6085B3E5-8B31-44D9-8E56-6DF06FA84405}.Release|x64.ActiveCfg = Release|x64
		{6085B3E5-8B31-44D9-8E56-6DF06FA84405}.Release|x64.Build.0 = Release|x64
		{6085B3E5-8B31-44D9-8E56-6DF06FA84405}.Release|x86.ActiveCfg = Release|Win32
		{6085B3E5-8B31-44D9-8E56-6DF06FA84405}.Release|x86.Build.0 = Release|Win32
		{71BB0A1D-0A35-402B-944D-1E0D2F90FD10}.Debug|x64.ActiveCfg = Debug|x64
		{71BB0A1D-0A35-402B-944D-1E0D2F90FD10}.Debug|x64.Build.0 = Debug|x64
		{71BB0A1D-0A35-402B-944D-1E0D2F90FD10}.Debug|x86.ActiveCfg = Debug|Win32
		{71BB0A1D-0A35-402B-944D-1E0D2F90FD10}.Debug|x86.Build.0 = Debug|Win32
		{71BB0A1D-0A35-402B-944D-1E0D2F90FD10}.Release|x64.ActiveCfg = Release|x64
		{71BB0A1D-0A35-402B-944D-1E0D2F90FD10}.Release|x64.Build.0 = Release|x64
		{71BB0A1D-0A35-402B-944D-1E0D2F90FD10}.Release|x86.ActiveCfg = Release|Win32
		{71BB0A1D-0A35-402B-944D-1E0D2F90FD10}.Release|x86.Build.0 = Release|Win32
		{47033356-21C1-4C15-B69F-CCC280B555BD}.Debug|x64.ActiveCfg = Debug|x64
		{47033356-21C1-4C15-B69F-CCC280B555BD}.Debug|x64.Build.0 = Debug|x64
		{47033356-21C1-4C15-B69F-CCC280B555BD}.Debug|x86.ActiveCfg = Debug|Win32
		{47033356-21C1-4C15-B69F-CCC280B555BD}.Debug|x86.Build.0 = Debug|Win32
		{47033356-21C1-4C15-B69F-CCC280B555BD}.Release|x64.ActiveCfg = Release|x64
		{47033356-21C1-4C15-B69F-CCC280B555BD}.Release|x64.Build.0 = Release|x64
		{47033356-21C1-4C15-B69F-CCC280B555BD}.Release|x86.ActiveCfg = Release|Win32
		{47033356-21C1-4C15-B69F-CCC280B555BD}.Release|x86.Build.0 = Release|Win32
		{3E524AC6-1B41-40E2-832B-27063A63AEF9}.Debug|x64.ActiveCfg = Debug|x64
		{3E524AC6-1B41-40E2-832B-27063A63AEF9}.Debug|x64.Build.0 = Debug|x64
		{3E524AC6-1B41-40E2-832B-27063A63AEF9}.Debug|x86.ActiveCfg = Debug|Win32
		{3E524AC6-1B41-40E2-832B-27063A63AEF9}.Debug|x86.Build.0 = Debug|Win32
		{3E524AC6-1B41-40E2-832B-27063A63AEF9}.Release|x64.ActiveCfg = Release|x64
		{3E524AC6-1B41-40E2-832B-27063A63AEF9}.Release|x64.Build.0 = Release|x64
		{3E524AC6-1B41-40E2-832B-27063A63AEF9}.Release|x86.ActiveCfg = Release|Win32
		{3E524AC6-1B41-40E2-832B-27063A63AEF9}.Release|x86.Build.0 = Release|Win32
		{A8D7A8F9-9019-4D2F-A1E5-9A9D21923068}.Debug|x64.ActiveCfg = Debug|x64
		{A8D7A8F9-9019-4D2F-A1E5-9A9D21923068}.Debug|x64.Build.0 = Debug|x64
		{A8D7A8F9-9019-4D2F-A1E5-9A9D21923068}.Debug|x86.ActiveCfg = Debug|Win32
		{A8D7A8F9-9019-4D2F-A1E5-9A9D21923068}.Debug|x86.Build.0 = Debug|Win32
		{A8D7A8F9-9019-4D2F-A1E5-9A9D21923068}.Release|x64.ActiveCfg = Release|x64
		{A8D7A8F9-9019-4D2F-A1E5-9A9D21923068}.Release|x64.Build.0 = Release|x64
		{A8D7A8F9-9019-4D2F-A1E5-9A9D21923068}.Release|x86.ActiveCfg = Release|Win32
		{A8D7A8F9-9019-4D2F-A1E5-9A9D21923068}.Release|x86.Build.0 = Release|Win32
		{289D8452-DE1D-4EE9-A8B2-E7F9212D61BC}.Debug|x64.ActiveCfg = Debug|x64
		{289D8452-DE1D-4EE9-A8B2-E7F9212D61BC}.Debug|x64.Build.0 = Debug|x64
		{289D8452-DE1D-4EE9-A8B2-E7F9212D61BC}.Debug|x86.ActiveCfg = Debug|Win32
		{289D8452-DE1D-4EE9-A8B2-E7F9212D61BC}.Debug|x86.Build.0 = Debug|Win32
		{289D8452-DE1D-4EE9-A8B2-E7F9212D61BC}.Release|x64.ActiveCfg = Release|x64
		{289D8452-DE1D-4EE9-A8B2-E7F9212D61BC}.Release|x64.Build.0 = Release|x64
		{289D8452-DE1D-4EE9-A8B2-E7F9212D61BC}.Release|x86.ActiveCfg = Release|Win32
		{289D8452-DE1D-4EE9-A8B2-E7F9212D61BC}.Release|x86.Build.0 = Release|Win32
		{A650785F-2EEB-4DCE-A4F8-7715DC995EF6}.Debug|x64.ActiveCfg = Debug|x64
		{A650785F-2EEB-4DCE-A4F8-7715DC995EF6}.Debug|x64.Build.0 = Debug|x64
		{A650785F-2EEB-4DCE-A4F8-7715DC995EF6}.Debug|x86.ActiveCfg = Debug|Win32
		{A650785F-2EEB-4DCE-A4F8-7715DC995EF6}.Debug|x86.Build.0 = Debug|Win32
		{A650785F-2EEB-4DCE-A4F8-7715DC995EF6}.Release|x64.ActiveCfg = Release|x64
		{A650785F-2EEB-4DCE-A4F8-7715DC995EF6}.Release|x64.Build.0 = Release|x64
		{A650785F-2EEB-4DCE-A4F8-7715DC995EF6}.Release|x86.ActiveCfg = Release|Win32
		{A650785F-2EEB-4DCE-A4F8-7715DC995EF6}.Release|x86.Build.0 = Release|Win32
		{A7CBDD3C-9830-4ADD-9F06-51796C110657}.Debug|x64.ActiveCfg = Debug|x64
		{A7CBDD3C-9830-4ADD-9F06-51796C110657}.Debug|x64.Build.0 = Debug|x64
		{A7CBDD3C-9830-4ADD-9F06-51796C110657}.Debug|x86.ActiveCfg = Debug|Win32
		{A7CBDD3C-9830-4ADD-9F06-51796C110657}.Debug|x86.Build.0 = Debug|Win32
		{A7CBDD3C-9830-4ADD-9F06-51796C110657}.Release|x64.ActiveCfg = Release|x64
		{A7CBDD3C-9830-4ADD-9F06-51796C110657}.Release|x64.Build.0 = Release|x64
		{A7CBDD3C-9830-4ADD-9F06-51796C110657}.Release|x86.ActiveCfg = Release|Win32
		{A7CBDD3C-9830-4ADD-9F06-51796C110657}.Release|x86.Build.0 = Release|Win32
		{F83B1584-6669-4305-91B5-77A0901FB433}.Debug|x64.ActiveCfg = Debug|x64
		{F83B1584-6669-4305-91B5-77A0901FB433}.Debug|x64.Build.0 = Debug|x64
		{F83B1584-6669-4305-91B5-77A0901FB433}.Debug|x86.ActiveCfg = Debug|Win32
		{F83B1584-6669-4305-91B5-77A0901FB433}.Debug|x86.Build.0 = Debug|Win32
		{F83B1584-6669-4305-91B5-77A0901FB433}.Release|x64.ActiveCfg = Release|x64
		{F83B1584-6669-4305-91B5-77A0901FB433}.Release|x64.Build.0 = Release|x64
		{F83B1584-6669-4305-91B5-77A0901FB433}.Release|x86.ActiveCfg = Release|Win32
		{F83B1584-6669-4305-91B5-77A0901FB433}.Release|x86.Build.0 = Release|Win32
		{3A53B5A3-6E69-4A4E-907B-9052C9D8A73B}.Debug|x64.ActiveCfg = Debug|x64
		{3A53B5A3-6E69-4A4E-907B-9052C9D8A73B}.Debug|x64.Build.0 = Debug|x64
		{3A53B5A3-6E69-4A4E-907B-9052C9D8A73B}.Debug|x86.ActiveCfg = Debug|Win32
		{3A53B5A3-6E69-4A4E-907B-9052C9D8A73B}.Debug|x86.Build.0 = Debug|Win32
		{3A53B5A3-6E69-4A4E-907B-9052C9D8A73B}.Release|x64.ActiveCfg = Release|x64
		{3A53B5A3-6E69-4A4E-907B-9052C9D8A73B}.Release|x64.Build.0 = Release|x64
		{3A53B5A3-6E69-4A4E-907B-9052C9D8A73B}.Release|x86.ActiveCfg = Release|Win32
		{3A53B5A3-6E69-4A4E-907B-9052C9D8A73B}.Release|x86.Build.0 = Release|Win32
		{42784270-AE5B-454E-AEE9-89947DF91BF1}.Debug|x64.ActiveCfg = Debug|x64
		{42784270-AE5B-454E-AEE9-89947DF91BF1}.Debug|x64.Build.0 = Debug|x64
		{42784270-AE5B-454E-AEE9-89947DF91BF1}.Debug|x86.ActiveCfg = Debug|Win32
		{42784270-AE5B-454E-AEE9-89947DF91BF1}.Debug|x86.Build.0 = Debug|Win32
		{42784270-AE5B-454E-AEE9-89947DF91BF1}.Release|x64.ActiveCfg = Release|x64
		{42784270-AE5B-454E-AEE9-89947DF91BF1}.Release|x64.Build.0 = Release|x64
		{42784270-AE5B-454E-AEE9-89947DF91BF1}.Release|x86.ActiveCfg = Release|Win32
		{42784270-AE5B-454E-AEE9-89947DF91BF1}.Release|x86.Build.0 = Release|Win32
		{521E8D24-E2FE-4854-A8FF-CF534EB606D3}.Debug|x64.ActiveCfg = Debug|x64
		{521E8D24-E2FE-4854-A8FF-CF534EB606D3}.Debug|x64.Build.0 = Debug|x64
		{521E8D24-E2FE-4854-A8FF-CF534EB606D3}.Debug|x86.ActiveCfg = Debug|Win32
		{521E8D24-E2FE-4854-A8FF-CF534EB606D3}.Debug|x86.Build.0 = Debug|Win32
		{521E8D24-E2FE-4854-A8FF-CF534EB606D3}.Release|x64.ActiveCfg = Release|x64
		{521E8D24-E2FE-4854-A8FF-CF534EB606D3}.Release|x64.Build.0 = Release|x64
		{521E8D24-E2FE-4854-A8FF-CF534EB606D3}.Release|x86.ActiveCfg = Release|Win32
		{521E8D24-E2FE-4854-A8FF-CF534EB606D3}.Release|x86.Build.0 = Release|Win32
		{37524CF2-0268-4128-A1AB-D246C124BD43}.Debug|x64.ActiveCfg = Debug|x64
		{37524CF2-0268-4128-A1AB-D246C124BD43}.Debug|x64.Build.0 = Debug|x64
		{37524CF2-0268-4128-A1AB-D246C124BD43}.Debug|x86.ActiveCfg = Debug|Win32
		{37524CF2-0268-4128-A1AB-D246C124BD43}.Debug|x86.Build.0 = Debug|Win32
		{37524CF2-0268-4128-A1AB-D246C124BD43}.Release|x64.ActiveCfg = Release|x64
		{37524CF2-0268-4128-A1AB-D246C124BD43}.Release|x64.Build.0 = Release|x64
		{37524CF2-0268-4128-A1AB-D246C124BD43}.Release|x86.ActiveCfg = Release|Win32
		{37524CF2-0268-4128-A1AB-D246C124BD43}.Release|x86.Build.0 = Release|Win32
		{B66507D4-DBB2-4914-9BE3-8E82CF18FCD2}.Debug|x64.ActiveCfg = Debug|x64
		{B66507D4-DBB2-4914-9BE3-8E82CF18FCD2}.Debug|x64.Build.0 = Debug|x64
		{B66507D4-DBB2-4914-9BE3-8E82CF18FCD2}.Debug|x86.ActiveCfg = Debug|Win32
		{B66507D4-DBB2-4914-9BE3-8E82CF18FCD2}.Debug|x86.Build.0 = Debug|Win32
		{B66507D4-DBB2-4914-9BE3-8E82CF18FCD2}.Release|x64.ActiveCfg = Release|x64
		{B66507D4-DBB2-4914-9BE3-8E82CF18FCD2}.Release|x64.Build.0 = Release|x64
		{B66507D4-DBB2-4914-9BE3-8E82CF18FCD2}.Release|x86.ActiveCfg = Release|Win32
		{B66507D4-DBB2-4914-9BE3-8E82CF18FCD2}.Release|x86.Build.0 = Release|Win32
		{72EC30F4-6839-41AC-B820-7E45B5650C7F}.Debug|x64.ActiveCfg = Debug|x64
		{72EC30F4-6839-41AC-B820-7E45B5650C7F}.Debug|x64.Build.0 = Debug|x64
		{72EC30F4-6839-41AC-B820-7E45B5650C7F}.Debug|x86.ActiveCfg = Debug|Win32
		{72EC30F4-6839-41AC-B820-7E45B5650C7F}.Debug|x86.Build.0 = Debug|Win32
		{72EC30F4-6839-41AC-B820-7E45B5650C7F}.Release|x64.ActiveCfg = Release|x64
		{72EC30F4-6839-41AC-B820-7E45B5650C7F}.Release|x64.Build.0 = Release|x64
		{72EC30F4-6839-41AC-B820-7E45B5650C7F}.Release|x86.ActiveCfg = Release|Win32
		{72EC30F4-6839-41AC-B820-7E45B5650C7F}.Release|x86.Build.0 = Release|Win32
		{AD6EBE4C-F3E8-4B9D-A27C-8D2ED6292A2C}.Debug|x64.ActiveCfg = Debug|x64
		{AD6EBE4C-F3E8-4B9D-A27C-8D2ED6292A2C}.Debug|x64.Build.0 = Debug|x64
		{AD6EBE4C-F3E8-4B9D-A27C-8D2ED6292A2C}.Debug|x86.ActiveCfg = Debug|Win32
		{AD6EBE4C-F3E8-4B9D-A27C-8D2ED6292A2C}.Debug|x86.Build.0 = Debug|Win32
		{AD6EBE4C-F3E8-4B9D-A27C-8D2ED6292A2C}.Release|x64.ActiveCfg = Release|x64
		{AD6EBE4C-F3E8-4B9D-A27C-8D2ED6292A2C}.Release|x64.Build.0 = Release|x64
		{AD6EBE4C-F3E8-4B9D-A27C-8D2ED6292A2C}.Release|x86.ActiveCfg = Release|Win32
		{AD6EBE4C-F3E8-4B9D-A27C-8D2ED6292A2C}.Release|x86.Build.0 = Release|Win32
		{39F20068-9153-4620-910E-959AD481771A}.Debug|x64.ActiveCfg = Debug|x64
		{39F20068-9153-4620-910E-959AD481771A}.Debug|x64.Build.0 = Debug|x64
		{39F20068-9153-4620-910E-959AD481771A}.Debug|x86.ActiveCfg = Debug|Win32
		{39F20068-9153-4620-910E-959AD481771A}.Debug|x86.Build.0 = Debug|Win32
		{39F20068-9153-4620-910E-959AD481771A}.Release|x64.ActiveCfg = Release|x64
		{39F20068-9153-4620-910E-959AD481771A}.Release|x64.Build.0 = Release|x64
		{39F20068-9153-4620-910E-959AD481771A}.Release|x86.ActiveCfg = Release|Win32
		{39F20068-9153-4620-910E-959AD481771A}.Release|x86.Build.0 = Release|Win32
		{980F6078-BDBA-430F-AE6A-8BF89C5BDFE7}.Debug|x64.ActiveCfg = Debug|x64
		{980F6078-BDBA-430F-AE6A-8BF89C5BDFE7}.Debug|x64.Build.0 = Debug|x64
		{980F6078-BDBA-430F-AE6A-8BF89C5BDFE7}.Debug|x86.ActiveCfg = Debug|Win32
		{980F6078-BDBA-430F-AE6A-8BF89C5BDFE7}.Debug|x86.Build.0 = Debug|Win32
		{980F6078-BDBA-430F-AE6A-8BF89C5BDFE7}.Release|x64.ActiveCfg = Release|x64
		{980F6078-BDBA-430F-AE6A-8BF89C5BDFE7}.Release|x64.Build.0 = Release|x64
		{980F6078-BDBA-430F-AE6A-8BF89C5BDFE7}.Release|x86.ActiveCfg = Release|Win32
		{980F6078-BDBA-430F-AE6A-8BF89C5BDFE7}.Release|x86.Build.0 = Release|Win32
		{4CD7F2B0-32CC-477B-BB9F-4A462D507444}.Debug|x64.ActiveCfg = Debug|x64
		{4CD7F2B0-32CC-477B-BB9F-4A462D507444}.Debug|x64.Build.0 = Debug|x64
		{4CD7F2B0-32CC-477B-BB9F-4A462D507444}.Debug|x86.ActiveCfg = Debug|Win32
		{4CD7F2B0-32CC-477B-BB9F-4A462D507444}.Debug|x86.Build.0 = Debug|Win32
		{4CD7F2B0-32CC-477B-BB9F-4A462D507444}.Release|x64.ActiveCfg = Release|x64
		{4CD7F2B0-32CC-477B-BB9F-4A462D507444}.Release|x64.Build.0 = Release|x64
		{4CD7F2B0-32CC-477B-BB9F-4A462D507444}.Release|x86.ActiveCfg = Release|Win32
		{4CD7F2B0-32CC-477B-BB9F-4A462D507444}.Release|x86.Build.0 = Release|Win32
		{EAA38384-130B-4244-9F2D-25354EB0DBB2}.Debug|x64.ActiveCfg = Debug|x64
		{EAA38384-130B-4244-9F2D-25354EB0DBB2}.Debug|x64.Build.0 = Debug|x64
		{EAA38384-130B-4244-9F2D-25354EB0DBB2}.Debug|x86.ActiveCfg = Debug|Win32
		{EAA38384-130B-4244-9F2D-25354EB0DBB2}.Debug|x86.Build.0 = Debug|Win32
		{EAA38384-130B-4244-9F2D-25354EB0DBB2}.Release|x64.ActiveCfg = Release|x64
		{EAA38384-130B-4244-9F2D-25354EB0DBB2}.Release|x64.Build.0 = Release|x64
		{EAA38384-130B-4244-9F2D-25354EB0DBB2}.Release|x86.ActiveCfg = Release|Win32
		{EAA38384-130B-4244-9F2D-25354EB0DBB2}.Release|x86.Build.0 = Release|Win32
		{235B0870-4944-478C-9A7E-53FA283438AC}.Debug|x64.ActiveCfg = Debug|x64
		{235B0870-4944-478C-9A7E-53FA283438AC}.Debug|x64.Build.0 = Debug|x64
		{235B0870-4944-478C-9A7E-53FA283438AC}.Debug|x86.ActiveCfg = Debug|Win32
		{235B0870-4944-478C-9A7E-53FA283438AC}.Debug|x86.Build.0 = Debug|Win32
		{235B0870-4944-478C-9A7E-53FA283438AC}.Release|x64.ActiveCfg = Release|x64
		{235B0870-4944-478C-9A7E-53FA283438AC}.Release|x64.Build.0 = Release|x64
		{235B0870-4944-478C-9A7E-53FA283438AC}.Release|x86.ActiveCfg = Release|Win32
		{235B0870-4944-478C-9A7E-53FA283438AC}.Release|x86.Build.0 = Release|Win32
		{1F03B18B-622C-487D-9DF8-3DEAF2314E33}.Debug|x64.ActiveCfg = Debug|x64
		{1F03B18B-622C-487D-9DF8-3DEAF2314E33}.Debug|x64.Build.0 = Debug|x64
		{1F03B18B-622C-487D-9DF8-3DEAF2314E33}.Debug|x86.ActiveCfg = Debug|Win32
		{1F03B18B-622C-487D-9DF8-3DEAF2314E33}.Debug|x86.Build.0 = Debug|Win32
		{1F03B18B-622C-487D-9DF8-3DEAF2314E33}.Release|x64.ActiveCfg = Release|x64
		{1F03B18B-622C-487D-9DF8-3DEAF2314E33}.Release|x64.Build.0 = Release|x64
		{1F03B18B-622C-487D-9DF8-3DEAF2314E33}.Release|x86.ActiveCfg = Release|Win32
		{1F03B18B-622C-487D-9DF8-3DEAF2314E33}.Release|x86.Build.0 = Release|Win32
		{039F7785-61BB-48E3-AF9F-7A899931B948}.Debug|x64.ActiveCfg = Debug|x64
		{039F7785-61BB-48E3-AF9F-7A899931B948}.Debug|x64.Build.0 = Debug|x64
		{039F7785-61BB-48E3-AF9F-7A899931B948}.Debug|x86.ActiveCfg = Debug|Win32
		{039F7785-61BB-48E3-AF9F-7A899931B948}.Debug|x86.Build.0 = Debug|Win32
		{039F7785-61BB-48E3-AF9F-7A899931B948}.Release|x64.ActiveCfg = Release|x64
		{039F7785-61BB-48E3-AF9F-7A899931B948}.Release|x64.Build.0 = Release|x64
		{039F7785-61BB-48E3-AF9F-7A899931B948}.Release|x86.ActiveCfg = Release|Win32
		{039F7785-61BB-48E3-AF9F-7A899931B948}.Release|x86.Build.0 = Release|Win32
		{484FA5E1-DA48-457D-A8B2-743B9988EB93}.Debug|x64.ActiveCfg = Debug|x64
		{484FA5E1-DA48-457D-A8B2-743B9988EB93}.Debug|x64.Build.0 = Debug|x64
		{484FA5E1-DA48-457D-A8B2-743B9988EB93}.Debug|x86.ActiveCfg = Debug|Win32
		{484FA5E1-DA48-457D-A8B2-743B9988EB93}.Debug|x86.Build.0 = Debug|Win32
		{484FA5E1-DA48-457D-A8B2-743B9988EB93}.Release|x64.ActiveCfg = Release|x64
		{484FA5E1-DA48-457D-A8B2-743B9988EB93}.Release|x64.Build.0 = Release|x64
		{484FA5E1-DA48-457D-A8B2-743B9988EB93}.Release|x86.ActiveCfg = Release|Win32
		{484FA5E1-DA48-457D-A8B2-743B9988EB93}.Release|x86.Build.0 = Release|Win32
		{02635EDC-0B1D-40CA-A057-66BB0D1D1092}.Debug|x64.ActiveCfg = Debug|x64
		{02635EDC-0B1D-40CA-A057-66BB0D1D1092}.Debug|x64.Build.0 = Debug|x64
		{02635EDC-0B1D-40CA-A057-66BB0D1D1092}.Debug|x86.ActiveCfg = Debug|Win32
		{02635EDC-0B1D-40CA-A057-66BB0D1D1092}.Debug|x86.Build.0 = Debug|Win32
		{02635EDC-0B1D-40CA-A057-66BB0D1D1092}.Release|x64.ActiveCfg = Release|x64
		{02635EDC-0B1D-40CA-A057-66BB0D1D1092}.Release|x64.Build.0 = Release|x64
		{02635EDC-0B1D-40CA-A057-66BB0D1D1092}.Release|x86.ActiveCfg = Release|Win32
		{02635EDC-0B1D-40CA-A057-66BB0D1D1092}.Release|x86.Build.0 = Release|Win32
		{9A53DEBB-E17A-47D0-9C38-B08EDCEA4070}.Debug|x64.ActiveCfg = Debug|x64
		{9A53DEBB-E17A-47D0-9C38-B08EDCEA4070}.Debug|x64.Build.0 = Debug|x64
		{9A53DEBB-E17A-47D0-9C38-B08EDCEA4070}.Debug|x86.ActiveCfg = Debug|Win32
		{9A53DEBB-E17A-47D0-9C38-B08EDCEA4070}.Debug|x86.Build.0 = Debug|Win32
		{9A53DEBB-E17A-47D0-9C38-B08EDCEA4070}.Release|x64.ActiveCfg = Release|x64
		{9A53DEBB-E17A-47D0-9C38-B08EDCEA4070}.Release|x64.Build.0 = Release|x64
		{9A53DEBB-E17A-47D0-9C38-B08EDCEA4070}.Release|x86.ActiveCfg = Release|Win32
		{9A53DEBB-E17A-47D0-9C38-B08EDCEA4070}.Release|x86.Build.0 = Release|Win32
		{33B963E5-77C8-409D-92AF-24C4EA0DDA39}.Debug|x64.ActiveCfg = Debug|x64
		{33B963E5-77C8-409D-92AF-24C4EA0DDA39}.Debug|x64.Build.0 = Debug|x64
		{33B963E5-77C8-409D-92AF-24C4EA0DDA39}.Debug|x86.ActiveCfg = Debug|Win32
		{33B963E5-77C8-409D-92AF-24C4EA0DDA39}.Debug|x86.Build.0 = Debug|Win32
		{33B963E5-77C8-409D-92AF-24C4EA0DDA39}.Release|x64.ActiveCfg = Release|x64
		{33B963E5-77C8-409D-92AF-24C4EA0DDA39}.Release|x64.Build.0 = Release|x64
		{33B963E5-77C8-409D-92AF-24C4EA0DDA39}.Release|x86.ActiveCfg = Release|Win32
		{33B963E5-77C8-409D-92AF-24C4EA0DDA39}.Release|x86.Build.0 = Release|Win32
		{293C73A8-C3C5-4B96-9CC0-D9B3247C264E}.Debug|x64.ActiveCfg = Debug|x64
		{293C73A8-C3C5-4B96-9CC0-D9B3247C264E}.Debug|x64.Build.0 = Debug|x64
		{293C73A8-C3C5-4B96-9CC0-D9B3247C264E}.Debug|x86.ActiveCfg = Debug|Win32
		{293C73A8-C3C5-4B96-9CC0-D9B3247C264E}.Debug|x86.Build.0 = Debug|Win32
		{293C73A8-C3C5-4B96-9CC0-D9B3247C264E}.Release|x64.ActiveCfg = Release|x64
		{293C73A8-C3C5-4B96-9CC0-D9B3247C264E}.Release|x64.Build.0 = Release|x64
		{293C73A8-C3C5-4B96-9CC0-D9B3247C264E}.Release|x86.ActiveCfg = Release|Win32
		{293C73A8-C3C5-4B96-9CC0-D9B3247C264E}.Release|x86.Build.0 = Release|Win32
		{8F7B8D9D-DE06-4CE5-9737-39B9CDA21B0C}.Debug|x64.ActiveCfg = Debug|x64
		{8F7B8D9D-DE06-4CE5-9737-39B9CDA21B0C}.Debug|x64.Build.0 = Debug|x64
		{8F7B8D9D-DE06-4CE5-9737-39B9CDA21B0C}.Debug|x86.ActiveCfg = Debug|Win32
		{8F7B8D9D-DE06-4CE5-9737-39B9CDA21B0C}.Debug|x86.Build.0 = Debug|Win32
		{8F7B8D9D-DE06-4CE5-9737-39B9CDA21B0C}.Release|x64.ActiveCfg = Release|x64
		{8F7B8D9D-DE06-4CE5-9737-39B9CDA21B0C}.Release|x64.Build.0 = Release|x64
		{8F7B8D9D-DE06-4CE5-9737-39B9CDA21B0C}.Release|x86.ActiveCfg = Release|Win32
		{8F7B8D9D-DE06-4CE5-9737-39B9CDA21B0C}.Release|x86.Build.0 = Release|Win32
		{FCA15704-0C31-4F31-BCDD-880EBF63189F}.Debug|x64.ActiveCfg = Debug|x64
		{FCA15704-0C31-4F31-BCDD-880EBF63189F}.Debug|x64.Build.0 = Debug|x64
		{FCA15704-0C31-4F31-BCDD-880EBF63189F}.Debug|x86.ActiveCfg = Debug|Win32
		{FCA15704-0C31-4F31-BCDD-880EBF63189F}.Debug|x86.Build.0 = Debug|Win32
		{FCA15704-0C31-4F31-BCDD-880EBF63189F}.Release|x64.ActiveCfg = Release|x64
		{FCA15704-0C31-4F31-BCDD-880EBF63189F}.Release|x64.Build.0 = Release|x64
		{FCA15704-0C31-4F31-BCDD-880EBF63189F}.Release|x86.ActiveCfg = Release|Win32
		{FCA15704-0C31-4F31-BCDD-880EBF63189F}.Release|x86.Build.0 = Release|Win32
		{5E6B66DB-623B-47C6-80F5-FEC6E6FB1185}.Debug|x64.ActiveCfg = Debug|x64
		{5E6B66DB-623B-47C6-80F5-FEC6E6FB1185}.Debug|x64.Build.0 = Debug|x64
		{5E6B66DB-623B-47C6-80F5-FEC6E6FB1185}.Debug|x86.ActiveCfg = Debug|Win32
		{5E6B66DB-623B-47C6-80F5-FEC6E6FB1185}.Debug|x86.Build.0 = Debug|Win32
		{5E6B66DB-623B-47C6-80F5-FEC6E6FB1185}.Release|x64.ActiveCfg = Release|x64
		{5E6B66DB-623B-47C6-80F5-FEC6E6FB1185}.Release|x64.Build.0 = Release|x64
		{5E6B66DB-623B-47C6-80F5-FEC6E6FB1185}.Release|x86.ActiveCfg = Release|Win32
		{5E6B66DB-623B-47C6-80F5-FEC6E6FB1185}.Release|x86.Build.0 = Release|Win32
		{A0A3182B-0BEF-4334-925D-44047A643C7B}.Debug|x64.ActiveCfg = Debug|x64
		{A0A3182B-0BEF-4334-925D-44047A643C7B}.Debug|x64.Build.0 = Debug|x64
		{A0A3182B-0BEF-4334-925D-44047A643C7B}.Debug|x86.ActiveCfg = Debug|Win32
		{A0A3182B-0BEF-4334-925D-44047A643C7B}.Debug|x86.Build.0 = Debug|Win32
		{A0A3182B-0BEF-4334-925D-44047A643C7B}.Release|x64.ActiveCfg = Release|x64
		{A0A3182B-0BEF-4334-925D-44047A643C7B}.Release|x64.Build.0 = Release|x64
		{A0A3182B-0BEF-4334-925D-44047A643C7B}.Release|x86.ActiveCfg = Release|Win32
		{A0A3182B-0BEF-4334-925D-44047A643C7B}.Release|x86.Build.0 = Release|Win32
		{F996C5CC-E34C-40B0-B9E4-317D9EA5D982}.Debug|x64.ActiveCfg = Debug|x64
		{F996C5CC-E34C-40B0-B9E4-317D9EA5D982}.Debug|x64.Build.0 = Debug|x64
		{F996C5CC-E34C-40B0-B9E4-317D9EA5D982}.Debug|x86.ActiveCfg = Debug|Win32
		{F996C5CC-E34C-40B0-B9E4-317D9EA5D982}.Debug|x86.Build.0 = Debug|Win32
		{F996C5CC-E34C-40B0-B9E4-317D9EA5D982}.Release|x64.ActiveCfg = Release|x64
		{F996C5CC-E34C-40B0-B9E4-317D9EA5D982}.Release|x64.Build.0 = Release|x64
		{F996C5CC-E34C-40B0-B9E4-317D9EA5D982}.Release|x86.ActiveCfg = Release|Win32
		{F996C5CC-E34C-40B0-B9E4-317D9EA5D982}.Release|x86.Build.0 = Release|Win32
		{8D7629A8-C38E-4B99-A395-9078D5D509C1}.Debug|x64.ActiveCfg = Debug|x64
		{8D7629A8-C38E-4B99-A395-9078D5D509C1}.Debug|x64.Build.0 = Debug|x64
		{8D7629A8-C38E-4B99-A395-9078D5D509C1}.Debug|x86.ActiveCfg = Debug|Win32
		{8D7629A8-C38E-4B99-A395-9078D5D509C1}.Debug|x86.Build.0 = Debug|Win32
		{8D7629A8-C38E-4B99-A395-9078D5D509C1}.Release|x64.ActiveCfg = Release|x64
		{8D7629A8-C38E-4B99-A395-9078D5D509C1}.Release|x64.Build.0 = Release|x64
		{8D7629A8-C38E-4B99-A395-9078D5D509C1}.Release|x86.ActiveCfg = Release|Win32
		{8D7629A8-C38E-4B99-A395-9078D5D509C1}.Release|x86.Build.0 = Release|Win32
		{A675273E-1505-4ECD-9B0B-4FFB679DC0A6}.Debug|x64.ActiveCfg = Debug|x64
		{A675273E-1505-4ECD-9B0B-4FFB679DC0A6}.Debug|x64.Build.0 = Debug|x64
		{A675273E-1505-4ECD-9B0B-4FFB679DC0A6}.Debug|x86.ActiveCfg = Debug|Win32
		{A675273E-1505-4ECD-9B0B-4FFB679DC0A6}.Debug|x86.Build.0 = Debug|Win32
		{A675273E-1505-4ECD-9B0B-4FFB679DC0A6}.Release|x64.ActiveCfg = Release|x64
		{A675273E-1505-4ECD-9B0B-4FFB679DC0A6}.Release|x64.Build.0 = Release|x64
		{A675273E-1505-4ECD-9B0B-4FFB679DC0A6}.Release|x86.ActiveCfg = Release|Win32
		{A675273E-1505-4ECD-9B0B-4FFB679DC0A6}.Release|x86.Build.0 = Release|Win32
		{74FFB28A-7620-4B55-BC6B-A2439577D78A}.Debug|x64.ActiveCfg = Debug|x64
		{74FFB28A-7620-4B55-BC6B-A2439577D78A}.Debug|x64.Build.0 = Debug|x64
		{74FFB28A-7620-4B55-BC6B-A2439577D78A}.Debug|x86.ActiveCfg = Debug|Win32
		{74FFB28A-7620-4B55-BC6B-A2439577D78A}.Debug|x86.Build.0 = Debug|Win32
		{74FFB28A-7620-4B55-BC6B-A2439577D78A}.Release|x64.ActiveCfg = Release|x64
		{74FFB28A-7620-4B55-BC6B-A2439577D78A}.Release|x64.Build.0 = Release|x64
		{74FFB28A-7620-4B55-BC6B-A2439577D78A}.Release|x86.ActiveCfg = Release|Win32
		{74FFB28A-7620-4B55-BC6B-A2439577D78A}.Release|x86.Build.0 = Release|Win32
		{60B23276-D085-472B-9D45-C284E9FBBAE9}.Debug|x64.ActiveCfg = Debug|x64
		{60B23276-D085-472B-9D45-C284E9FBBAE9}.Debug|x64.Build.0 = Debug|x64
		{60B23276-D085-472B-9D45-C284E9FBBAE9}.Debug|x86.ActiveCfg = Debug|Win32
		{60B23276-D085-472B-9D45-C284E9FBBAE9}.Debug|x86.Build.0 = Debug|Win32
		{60B23276-D085-472B-9D45-C284E9FBBAE9}.Release|x64.ActiveCfg = Release|x64
		{60B23276-D085-472B-9D45-C284E9FBBAE9}.Release|x64.Build.0 = Release|x64
		{60B23276-D085-472B-9D45-C284E9FBBAE9}.Release|x86.ActiveCfg = Release|Win32
		{60B23276-D085-472B-9D45-C284E9FBBAE9}.Release|x86.Build.0 = Release|Win32
		{071096D7-9CB3-4DD8-A573-788AD66AF43F}.Debug|x64.ActiveCfg = Debug|x64
		{071096D7-9CB3-4DD8-A573-788AD66AF43F}.Debug|x64.Build.0 = Debug|x64
		{071096D7-9CB3-4DD8-A573-788AD66AF43F}.Debug|x86.ActiveCfg = Debug|Win32
		{071096D7-9CB3-4DD8-A573-788AD66AF43F}.Debug|x86.Build.0 = Debug|Win32
		{071096D7-9CB3-4DD8-A573-788AD66AF43F}.Release|x64.ActiveCfg = Release|x64
		{071096D7-9CB3-4DD8-A573-788AD66AF43F}.Release|x64.Build.0 = Release|x64
		{071096D7-9CB3-4DD8-A573-788AD66AF43F}.Release|x86.ActiveCfg = Release|Win32
		{071096D7-9CB3-4DD8-A573-788AD66AF43F}.Release|x86.Build.0 = Release|Win32
		{D2266A79-B0A5-4045-96BE-262136420057}.Debug|x64.ActiveCfg = Debug|x64
		{D2266A79-B0A5-4045-96BE-262136420057}.Debug|x64.Build.0 = Debug|x64
		{D2266A79-B0A5-4045-96BE-262136420057}.Debug|x86.ActiveCfg = Debug|Win32
		{D2266A79-B0A5-4045-96BE-262136420057}.Debug|x86.Build.0 = Debug|Win32
		{D2266A79-B0A5-4045-96BE-262136420057}.Release|x64.ActiveCfg = Release|x64
		{D2266A79-B0A5-4045-96BE-262136420057}.Release|x64.Build.0 = Release|x64
		{D2266A79-B0A5-4045-96BE-262136420057}.Release|x86.ActiveCfg = Release|Win32
		{D2266A79-B0A5-4045-96BE-262136420057}.Release|x86.Build.0 = Release|Win32
		{80179AF6-78D4-4FC9-A8B5-5AFEC7DB8967}.Debug|x64.ActiveCfg = Debug|x64
		{80179AF6-78D4-4FC9-A8B5-5AFEC7DB8967}.Debug|x64.Build.0 = Debug|x64
		{80179AF6-78D4-4FC9-A8B5-5AFEC7DB8967}.Debug|x86.ActiveCfg = Debug|Win32
		{80179AF6-78D4-4FC9-A8B5-5AFEC7DB8967}.Debug|x86.Build.0 = Debug|Win32
		{80179AF6-78D4-4FC9-A8B5-5AFEC7DB8967}.Release|x64.ActiveCfg = Release|x64
		{80179AF6-78D4-4FC9-A8B5-5AFEC7DB8967}.Release|x64.Build.0 = Release|x64
		{80179AF6-78D4-4FC9-A8B5-5AFEC7DB8967}.Release|x86.ActiveCfg = Release|Win32
		{80179AF6-78D4-4FC9-A8B5-5AFEC7DB8967}.Release|x86.Build.0 = Release|Win32
		{150CF9DF-44D1-4857-B8A2-80ED4DC53572}.Debug|x64.ActiveCfg = Debug|x64
		{150CF9DF-44D1-4857-B8A2-80ED4DC53572}.Debug|x64.Build.0 = Debug|x64
		{150CF9DF-44D1-4857-B8A2-80ED4DC53572}.Debug|x86.ActiveCfg = Debug|Win32
		{150CF9DF-44D1-4857-B8A2-80ED4DC53572}.Debug|x86.Build.0 = Debug|Win32
		{150CF9DF-44D1-4857-B8A2-80ED4DC53572}.Release|x64.ActiveCfg = Release|x64
		{150CF9DF-44D1-4857-B8A2-80ED4DC53572}.Release|x64.Build.0 = Release|x64
		{150CF9DF-44D1-4857-B8A2-80ED4DC53572}.Release|x86.ActiveCfg = Release|Win32
		{150CF9DF-44D1-4857-B8A2-80ED4DC53572}.Release|x86.Build.0 = Release|Win32
		{C18B31F6-9050-43ED-8469-C6DB6B5E8476}.Debug|x64.ActiveCfg = Debug|x64
		{C18B31F6-9050-43ED-8469-C6DB6B5E8476}.Debug|x64.Build.0 = Debug|x64
		{C18B31F6-9050-43ED-8469-C6DB6B5E8476}.Debug|x86.ActiveCfg = Debug|Win32
		{C18B31F6-9050-43ED-8469-C6DB6B5E8476}.Debug|x86.Build.0 = Debug|Win32
		{C18B31F6-9050-43ED-8469-C6DB6B5E8476}.Release|x64.ActiveCfg = Release|x64
		{C18B31F6-9050-43ED-8469-C6DB6B5E8476}.Release|x64.Build.0 = Release|x64
		{C18B31F6-9050-43ED-8469-C6DB6B5E8476}.Release|x86.ActiveCfg = Release|Win32
		{C18B31F6-9050-43ED-8469-C6DB6B5E8476}.Release|x86.Build.0 = Release|Win32
		{4A372E0D-D966-4507-9360-4FBDDAC2665F}.Debug|x64.ActiveCfg = Debug|x64
		{4A372E0D-D966-4507-9360-4FBDDAC2665F}.Debug|x64.Build.0 = Debug|x64
		{4A372E0D-D966-4507-9360-4FBDDAC2665F}.Debug|x86.ActiveCfg = Debug|Win32
		{4A372E0D-D966-4507-9360-4FBDDAC2665F}.Debug|x86.Build.0 = Debug|Win32
		{4A372E0D-D966-4507-9360-4FBDDAC2665F}.Release|x64.ActiveCfg = Release|x64
		{4A372E0D-D966-4507-9360-4FBDDAC2665F}.Release|x64.Build.0 = Release|x64
		{4A372E0D-D966-4507-9360-4FBDDAC2665F}.Release|x86.ActiveCfg = Release|Win32
		{4A372E0D-D966-4507-9360-4FBDDAC2665F}.Release|x86.Build.0 = Release|Win32
		{C7F872CF-E801-4E84-9ADF-0982F51D83CE}.Debug|x64.ActiveCfg = Debug|x64
		{C7F872CF-E801-4E84-9ADF-0982F51D83CE}.Debug|x64.Build.0 = Debug|x64
		{C7F872CF-E801-4E84-9ADF-0982F51D83CE}.Debug|x86.ActiveCfg = Debug|Win32
		{C7F872CF-E801-4E84-9ADF-0982F51D83CE}.Debug|x86.Build.0 = Debug|Win32
		{C7F872CF-E801-4E84-9ADF-0982F51D83CE}.Release|x64.ActiveCfg = Release|x64
		{C7F872CF-E801-4E84-9ADF-0982F51D83CE}.Release|x64.Build.0 = Release|x64
		{C7F872CF-E801-4E84-9ADF-0982F51D83CE}.Release|x86.ActiveCfg = Release|Win32
		{C7F872CF-E801-4E84-9ADF-0982F51D83CE}.Release|x86.Build.0 = Release|Win32
		{893A8F5B-08CA-41B5-BB3B-736D0B47DF56}.Debug|x64.ActiveCfg = Debug|x64
		{893A8F5B-08CA-41B5-BB3B-736D0B47DF56}.Debug|x64.Build.0 = Debug|x64
		{893A8F5B-08CA-41B5-BB3B-736D0B47DF56}.Debug|x86.ActiveCfg = Debug|Win32
		{893A8F5B-08CA-41B5-BB3B-736D0B47DF56}.Debug|x86.Build.0 = Debug|Win32
		{893A8F5B-08CA-41B5-BB3B-736D0B47DF56}.Release|x64.ActiveCfg = Release|x64
		{893A8F5B-08CA-41B5-BB3B-736D0B47DF56}.Release|x64.Build.0 = Release|x64
		{893A8F5B-08CA-41B5-BB3B-736D0B47DF56}.Release|x86.ActiveCfg = Release|Win32
		{893A8F5B-08CA-41B5-BB3B-736D0B47DF56}.Release|x86.Build.0 = Release|Win32
		{BAC13F37-BD32-4B13-B319-85D114531388}.Debug|x64.ActiveCfg = Debug|x64
		{BAC13F37-BD32-4B13-B319-85D114531388}.Debug|x64.Build.0 = Debug|x64
		{BAC13F37-BD32-4B13-B319-85D114531388}.Debug|x86.ActiveCfg = Debug|Win32
		{BAC13F37-BD32-4B13-B319-85D114531388}.Debug|x86.Build.0 = Debug|Win32
		{BAC13F37-BD32-4B13-B319-85D114531388}.Release|x64.ActiveCfg = Release|x64
		{BAC13F37-BD32-4B13-B319-85D114531388}.Release|x64.Build.0 = Release|x64
		{BAC13F37-BD32-4B13-B319-85D114531388}.Release|x86.ActiveCfg = Release|Win32
		{BAC13F37-BD32-4B13-B319-85D114531388}.Release|x86.Build.0 = Release|Win32
		{58A8618F-097A-47C5-B034-CFD02DC90CB7}.Debug|x64.ActiveCfg = Debug|x64
		{58A8618F-097A-47C5-B034-CFD02DC90CB7}.Debug|x64.Build.0 = Debug|x64
		{58A8618F-097A-47C5-B034-CFD02DC90CB7}.Debug|x86.ActiveCfg = Debug|Win32
		{58A8618F-097A-47C5-B034-CFD02DC90CB7}.Debug|x86.Build.0 = Debug|Win32
		{58A8618F-097A-47C5-B034-CFD02DC90CB7}.Release|x64.ActiveCfg = Release|x64
		{58A8618F-097A-47C5-B034-CFD02DC90CB7}.Release|x64.Build.0 = Release|x64
		{58A8618F-097A-47C5-B034-CFD02DC90CB7}.Release|x86.ActiveCfg = Release|Win32
		{58A8618F-097A-47C5-B034-CFD02DC90CB7}.Release|x86.Build.0 = Release|Win32
		{0D39D6E1-1A77-47D8-B985-C3B6FC567398}.Debug|x64.ActiveCfg = Debug|x64
		{0D39D6E1-1A77-47D8-B985-C3B6FC567398}.Debug|x64.Build.0 = Debug|x64
		{0D39D6E1-1A77-47D8-B985-C3B6FC567398}.Debug|x86.ActiveCfg = Debug|Win32
		{0D39D6E1-1A77-47D8-B985-C3B6FC567398}.Debug|x86.Build.0 = Debug|Win32
		{0D39D6E1-1A77-47D8-B985-C3B6FC567398}.Release|x64.ActiveCfg = Release|x64
		{0D39D6E1-1A77-47D8-B985-C3B6FC567398}.Release|x64.Build.0 = Release|x64
		{0D39D6E1-1A77-47D8-B985-C3B6FC567398}.Release|x86.ActiveCfg = Release|Win32
		{0D39D6E1-1A77-47D8-B985-C3B6FC567398}.Release|x86.Build.0 = Release|Win32
		{D6503184-8334-4DDA-8E26-AB8EA3CE872C}.Debug|x64.ActiveCfg = Debug|x64
		{D6503184-8334-4DDA-8E26-AB8EA3CE872C}.Debug|x64.Build.0 = Debug|x64
		{D6503184-8334-4DDA-8E26-AB8EA3CE872C}.Debug|x86.ActiveCfg = Debug|Win32
		{D6503184-8334-4DDA-8E26-AB8EA3CE872C}.Debug|x86.Build.0 = Debug|Win32
		{D6503184-8334-4DDA-8E26-AB8EA3CE872C}.Release|x64.ActiveCfg = Release|x64
		{D6503184-8334-4DDA-8E26-AB8EA3CE872C}.Release|x64.Build.0 = Release|x64
		{D6503184-8334-4DDA-8E26-AB8EA3CE872C}.Release|x86.ActiveCfg = Release|Win32
		{D6503184-8334-4DDA-8E26-AB8EA3CE872C}.Release|x86.Build.0 = Release|Win32
		{A0ABCA55-1AAF-451D-9FE8-63CBF3CEDAE9}.Debug|x64.ActiveCfg = Debug|x64
		{A0ABCA55-1AAF-451D-9FE8-63CBF3CEDAE9}.Debug|x64.Build.0 = Debug|x64
		{A0ABCA55-1AAF-451D-9FE8-63CBF3CEDAE9}.Debug|x86.ActiveCfg = Debug|Win32
		{A0ABCA55-1AAF-451D-9FE8-63CBF3CEDAE9}.Debug|x86.Build.0 = Debug|Win32
		{A0ABCA55-1AAF-451D-9FE8-63CBF3CEDAE9}.Release|x64.ActiveCfg = Release|x64
		{A0ABCA55-1AAF-451D-9FE8-63CBF3CEDAE9}.Release|x64.Build.0 = Release|x64
		{A0ABCA55-1AAF-451D-9FE8-63CBF3CEDAE9}.Release|x86.ActiveCfg = Release|Win32
		{A0ABCA55-1AAF-451D-9FE8-63CBF3CEDAE9}.Release|x86.Build.0 = Release|Win32
		{EF23E90C-3B6D-4810-B5AD-E6109A9A41F3}.Debug|x64.ActiveCfg = Debug|x64
		{EF23E90C-3B6D-4810-B5AD-E6109A9A41F3}.Debug|x64.Build.0 = Debug|x64
		{EF23E90C-3B6D-4810-B5AD-E6109A9A41F3}.Debug|x86.ActiveCfg = Debug|Win32
		{EF23E90C-3B6D-4810-B5AD-E6109A9A41F3}.Debug|x86.Build.0 = Debug|Win32
		{EF23E90C-3B6D-4810-B5AD-E6109A9A41F3}.Release|x64.ActiveCfg = Release|x64
		{EF23E90C-3B6D-4810-B5AD-E6109A9A41F3}.Release|x64.Build.0 = Release|x64
		{EF23E90C-3B6D-4810-B5AD-E6109A9A41F3}.Release|x86.ActiveCfg = Release|Win32
		{EF23E90C-3B6D-4810-B5AD-E6109A9A41F3}.Release|x86.Build.0 = Release|Win32
		{DCE18C71-6B90-4F5D-9CBB-942BF9A3A915}.Debug|x64.ActiveCfg = Debug|x64
		{DCE18C71-6B90-4F5D-9CBB-942BF9A3A915}.Debug|x64.Build.0 = Debug|x64
		{DCE18C71-6B90-4F5D-9CBB-942BF9A3A915}.Debug|x86.ActiveCfg = Debug|Win32
		{DCE18C71-6B90-4F5D-9CBB-942BF9A3A915}.Debug|x86.Build.0 = Debug|Win32
		{DCE18C71-6B90-4F5D-9CBB-942BF9A3A915}.Release|x64.ActiveCfg = Release|x64
		{DCE18C71-6B90-4F5D-9CBB-942BF9A3A915}.Release|x64.Build.0 = Release|x64
		{DCE18C71-6B90-4F5D-9CBB-942BF9A3A915}.Release|x86.ActiveCfg = Release|Win32
		{DCE18C71-6B90-4F5D-9CBB-942BF9A3A915}.Release|x86.Build.0 = Release|Win32
		{C62B6304-7CC7-4FEE-A86F-905A0DF9CE11}.Debug|x64.ActiveCfg = Debug|x64
		{C62B6304-7CC7-4FEE-A86F-905A0DF9CE11}.Debug|x64.Build.0 = Debug|x64
		{C62B6304-7CC7-4FEE-A86F-905A0DF9CE11}.Debug|x86.ActiveCfg = Debug|Win32
		{C62B6304-7CC7-4FEE-A86F-905A0DF9CE11}.Debug|x86.Build.0 = Debug|Win32
		{C62B6304-7CC7-4FEE-A86F-905A0DF9CE11}.Release|x64.ActiveCfg = Release|x64
		{C62B6304-7CC7-4FEE-A86F-905A0DF9CE11}.Release|x64.Build.0 = Release|x64
		{C62B6304-7CC7-4FEE-A86F-905A0DF9CE11}.Release|x86.ActiveCfg = Release|Win32
		{C62B6304-7CC7-4FEE-A86F-905A0DF9CE11}.Release|x86.Build.0 = Release|Win32
		{CDCEF9E3-21D4-4076-A41E-C8F17AF6543B}.Debug|x64.ActiveCfg = Debug|x64
		{CDCEF9E3-21D4-4076-A41E-C8F17AF6543B}.Debug|x64.Build.0 = Debug|x64
		{CDCEF9E3-21D4-4076-A41E-C8F17AF6543B}.Debug|x86.ActiveCfg = Debug|Win32
		{CDCEF9E3-21D4-4076-A41E-C8F17AF6543B}.Debug|x86.Build.0 = Debug|Win32
		{CDCEF9E3-21D4-4076-A41E-C8F17AF6543B}.Release|x64.ActiveCfg = Release|x64
		{CDCEF9E3-21D4-4076-A41E-C8F17AF6543B}.Release|x64.Build.0 = Release|x64
		{CDCEF9E3-21D4-4076-A41E-C8F17AF6543B}.Release|x86.ActiveCfg = Release|Win32
		{CDCEF9E3-21D4-4076-A41E-C8F17AF6543B}.Release|x86.Build.0 = Release|Win32
		{AA07102F-62BA-4790-A928-31E6790DACF6}.Debug|x64.ActiveCfg = Debug|x64
		{AA07102F-62BA-4790-A928-31E6790DACF6}.Debug|x64.Build.0 = Debug|x64
		{AA07102F-62BA-4790-A928-31E6790DACF6}.Debug|x86.ActiveCfg = Debug|Win32
		{AA07102F-62BA-4790-A928-31E6790DACF6}.Debug|x86.Build.0 = Debug|Win32
		{AA07102F-62BA-4790-A928-31E6790DACF6}.Release|x64.ActiveCfg = Release|x64
		{AA07102F-62BA-4790-A928-31E6790DACF6}.Release|x64.Build.0 = Release|x64
		{AA07102F-62BA-4790-A928-31E6790DACF6}.Release|x86.ActiveCfg = Release|Win32
		{AA07102F-62BA-4790-A928-31E6790DACF6}.Release|x86.Build.0 = Release|Win32
		{B33DDE99-A895-47C2-97B4-199E01D38CA1}.Debug|x64.ActiveCfg = Debug|x64
		{B33DDE99-A895-47C2-97B4-199E01D38CA1}.Debug|x64.Build.0 = Debug|x64
		{B33DDE99-A895-47C2-97B4-199E01D38CA1}.Debug|x86.ActiveCfg = Debug|Win32
		{B33DDE99-A895-47C2-97B4-199E01D38CA1}.Debug|x86.Build.0 = Debug|Win32
		{B33DDE99-A895-47C2-97B4-199E01D38CA1}.Release|x64.ActiveCfg = Release|x64
		{B33DDE99-A895-47C2-97B4-199E01D38CA1}.Release|x64.Build.0 = Release|x64
		{B33DDE99-A895-47C2-97B4-199E01D38CA1}.Release|x86.ActiveCfg = Release|Win32
		{B33DDE99-A895-47C2-97B4-199E01D38CA1}.Release|x86.Build.0 = Release|Win32
		{B75D466A-66FE-43EC-8462-8152F7CE96FD}.Debug|x64.ActiveCfg = Debug|x64
		{B75D466A-66FE-43EC-8462-8152F7CE96FD}.Debug|x64.Build.0 = Debug|x64
		{B75D466A-66FE-43EC-8462-8152F7CE96FD}.Debug|x86.ActiveCfg = Debug|Win32
		{B75D466A-66FE-43EC-8462-8152F7CE96FD}.Debug|x86.Build.0 = Debug|Win32
		{B75D466A-66FE-43EC-8462-8152F7CE96FD}.Release|x64.ActiveCfg = Release|x64
		{B75D466A-66FE-43EC-8462-8152F7CE96FD}.Release|x64.Build.0 = Release|x64
		{B75D466A-66FE-43EC-8462-8152F7CE96FD}.Release|x86.ActiveCfg = Release|Win32
		{B75D466A-66FE-43EC-8462-8152F7CE96FD}.Release|x86.Build.0 = Release|Win32
		{3B561569-E631-45FA-9C38-73B054241ADC}.Debug|x64.ActiveCfg = Debug|x64
		{3B561569-E631-45FA-9C38-73B054241ADC}.Debug|x64.Build.0 = Debug|x64
		{3B561569-E631-45FA-9C38-73B054241ADC}.Debug|x86.ActiveCfg = Debug|Win32
		{3B561569-E631-45FA-9C38-73B054241ADC}.Debug|x86.Build.0 = Debug|Win32
		{3B561569-E631-45FA-9C38-73B054241ADC}.Release|x64.ActiveCfg = Release|x64
		{3B561569-E631-45FA-9C38-73B054241ADC}.Release|x64.Build.0 = Release|x64
		{3B561569-E631-45FA-9C38-73B054241ADC}.Release|x86.ActiveCfg = Release|Win32
		{3B561569-E631-45FA-9C38-73B054241ADC}.Release|x86.Build.0 = Release|Win32
		{A09DB7C9-E295-4109-B6C8-74B956F8C324}.Debug|x64.ActiveCfg = Debug|x64
		{A09DB7C9-E295-4109-B6C8-74B956F8C324}.Debug|x64.Build.0 = Debug|x64
		{A09DB7C9-E295-4109-B6C8-74B956F8C324}.Debug|x86.ActiveCfg = Debug|Win32
		{A09DB7C9-E295-4109-B6C8-74B956F8C324}.Debug|x86.Build.0 = Debug|Win32
		{A09DB7C9-E295-4109-B6C8-74B956F8C324}.Release|x64.ActiveCfg = Release|x64
		{A09DB7C9-E295-4109-B6C8-74B956F8C324}.Release|x64.Build.0 = Release|x64
		{A09DB7C9-E295-4109-B6C8-74B956F8C324}.Release|x86.ActiveCfg = Release|Win32
		{A09DB7C9-E295-4109-B6C8-74B956F8C324}.Release|x86.Build.0 = Release|Win32
		{CEE05583-D33F-4506-9D1A-51C07A006960}.Debug|x64.ActiveCfg = Debug|x64
		{CEE05583-D33F-4506-9D1A-51C07A006960}.Debug|x64.Build.0 = Debug|x64
		{CEE05583-D33F-4506-9D1A-51C07A006960}.Debug|x86.ActiveCfg = Debug|Win32
		{CEE05583-D33F-4506-9D1A-51C07A006960}.Debug|x86.Build.0 = Debug|Win32
		{CEE05583-D33F-4506-9D1A-51C07A006960}.Release|x64.ActiveCfg = Release|x64
		{CEE05583-D33F-4506-9D1A-51C07A006960}.Release|x64.Build.0 = Release|x64
		{CEE05583-D33F-4506-9D1A-51C07A006960}.Release|x86.ActiveCfg = Release|Win32
		{CEE05583-D33F-4506-9D1A-51C07A006960}.Release|x86.Build.0 = Release|Win32
		{C4D99633-BD41-49DE-A663-F42DCFC89A10}.Debug|x64.ActiveCfg = Debug|x64
		{C4D99633-BD41-49DE-A663-F42DCFC89A10}.Debug|x64.Build.0 = Debug|x64
		{C4D99633-BD41-49DE-A663-F42DCFC89A10}.Debug|x86.ActiveCfg = Debug|Win32
		{C4D99633-BD41-49DE-A663-F42DCFC89A10}.Debug|x86.Build.0 = Debug|Win32
		{C4D99633-BD41-49DE-A663-F42DCFC89A10}.Release|x64.ActiveCfg = Release|x64
		{C4D99633-BD41-49DE-A663-F42DCFC89A10}.Release|x64.Build.0 = Release|x64
		{C4D99633-BD41-49DE-A663-F42DCFC89A10}.Release|x86.ActiveCfg = Release|Win32
		{C4D99633-BD41-49DE-A663-F42DCFC89A10}.Release|x86.Build.0 = Release|Win32
		{8A72B34F-8A27-4C9C-BB14-9E2F251212DD}.Debug|x64.ActiveCfg = Debug|x64
		{8A72B34F-8A27-4C9C-BB14-9E2F251212DD}.Debug|x64.Build.0 = Debug|x64
		{8A72B34F-8A27-4C9C-BB14-9E2F251212DD}.Debug|x86.ActiveCfg = Debug|Win32
		{8A72B34F-8A27-4C9C-BB14-9E2F251212DD}.Debug|x86.Build.0 = Debug|Win32
		{8A72B34F-8A27-4C9C-BB14-9E2F251212DD}.Release|x64.ActiveCfg = Release|x64
		{8A72B34F-8A27-4C9C-BB14-9E2F251212DD}.Release|x64.Build.0 = Release|x64
		{8A72B34F-8A27-4C9C-BB14-9E2F251212DD}.Release|x86.ActiveCfg = Release|Win32
		{8A72B34F-8A27-4C9C-BB14-9E2F251212DD}.Release|x86.Build.0 = Release|Win32
		{B0A4DD20-DDF3-4060-8168-182AB71C0A27}.Debug|x64.ActiveCfg = Debug|x64
		{B0A4DD20-DDF3-4060-8168-182AB71C0A27}.Debug|x64.Build.0 = Debug|x64
		{B0A4DD20-DDF3-4060-8168-182AB71C0A27}.Debug|x86.ActiveCfg = Debug|Win32
		{B0A4DD20-DDF3-4060-8168-182AB71C0A27}.Debug|x86.Build.0 = Debug|Win32
		{B0A4DD20-DDF3-4060-8168-182AB71C0A27}.Release|x64.ActiveCfg = Release|x64
		{B0A4DD20-DDF3-4060-8168-182AB71C0A27}.Release|x64.Build.0 = Release|x64
		{B0A4DD20-DDF3-4060-8168-182AB71C0A27}.Release|x86.ActiveCfg = Release|Win32
		{B0A4DD20-DDF3-4060-8168-182AB71C0A27}.Release|x86.Build.0 = Release|Win32
	EndGlobalSection
	GlobalSection(SolutionProperties) = preSolution
		HideSolutionNode = FALSE
	EndGlobalSection
	GlobalSection(NestedProjects) = preSolution
		{8790A866-6216-4D4E-B682-B75CDE0DBB1B} = {1802B4CE-D919-45FB-A644-15038E3E27E4}
		{4FD00F75-CAD1-4CCE-9554-4D0EC757F41C} = {4517152C-C72F-4800-83A8-0F186408D4B5}
		{E6BB2004-F23E-4C4A-81F1-0A933B077269} = {46C3376A-A6BD-4719-838A-44AB2727E28E}
		{7E275BCF-D3A7-4C34-BC5F-BA08831F920A} = {46C3376A-A6BD-4719-838A-44AB2727E28E}
		{78FA33FA-E38B-4917-A3C3-D0412076C86C} = {46C3376A-A6BD-4719-838A-44AB2727E28E}
		{DEB62B22-B0AD-4B64-9738-A0646821098F} = {B1F77BA4-E9BB-4F89-8658-D39D59E5D908}
		{6B99CF85-2157-448A-95E8-0A6E37737E0C} = {B1F77BA4-E9BB-4F89-8658-D39D59E5D908}
		{68F24C53-6718-415B-BE61-17A06C796CD3} = {B1F77BA4-E9BB-4F89-8658-D39D59E5D908}
		{0A8C2078-30F1-4F8D-B695-73C70F7F36BC} = {A4A98AA8-680B-418E-A3C8-2EBE02DAE207}
		{10ABB3FA-2D5E-4480-B543-51EAF377C804} = {6DA08371-C35F-4C8E-97F0-17E753CB7CB9}
		{506EB8D3-BC56-4533-9AA8-A7260A9F107A} = {C1143778-DBB9-4BDB-8F26-852E9AE3F1A2}
		{6A066CB3-8B5B-403A-923E-DCBDB8A2181D} = {C1143778-DBB9-4BDB-8F26-852E9AE3F1A2}
		{E08C8575-7E0D-42FC-A68E-6C0BC87DF311} = {C1143778-DBB9-4BDB-8F26-852E9AE3F1A2}
		{035BB075-5AD0-4A65-BF35-7B2E3E058BE3} = {A4A98AA8-680B-418E-A3C8-2EBE02DAE207}
		{3C97E91A-5792-4A67-8746-A20CF519DB79} = {C7EDCD6A-E1B8-4889-8437-E4421D7400CE}
		{0BF1CED8-15C6-4F8A-BE89-A2BBDC7961C5} = {548B1C5C-F40E-49F9-B6EA-07AD1EB40531}
		{88667212-EECB-441B-9D85-E52D95B42589} = {548B1C5C-F40E-49F9-B6EA-07AD1EB40531}
		{E9D2E1BA-1943-4BC1-996D-5C609B27BE8E} = {6DA08371-C35F-4C8E-97F0-17E753CB7CB9}
		{6085B3E5-8B31-44D9-8E56-6DF06FA84405} = {6DA08371-C35F-4C8E-97F0-17E753CB7CB9}
		{71BB0A1D-0A35-402B-944D-1E0D2F90FD10} = {A8E578EA-11CA-49AD-9028-4750F4023BC4}
		{47033356-21C1-4C15-B69F-CCC280B555BD} = {A8E578EA-11CA-49AD-9028-4750F4023BC4}
		{3E524AC6-1B41-40E2-832B-27063A63AEF9} = {A8E578EA-11CA-49AD-9028-4750F4023BC4}
		{A8D7A8F9-9019-4D2F-A1E5-9A9D21923068} = {FB0E20EA-7699-47A6-B6EB-C9FA58C0F688}
		{289D8452-DE1D-4EE9-A8B2-E7F9212D61BC} = {FB0E20EA-7699-47A6-B6EB-C9FA58C0F688}
		{A650785F-2EEB-4DCE-A4F8-7715DC995EF6} = {FB0E20EA-7699-47A6-B6EB-C9FA58C0F688}
		{A7CBDD3C-9830-4ADD-9F06-51796C110657} = {295B9561-CA33-4A32-87C8-2FBB00CE5272}
		{F83B1584-6669-4305-91B5-77A0901FB433} = {295B9561-CA33-4A32-87C8-2FBB00CE5272}
		{3A53B5A3-6E69-4A4E-907B-9052C9D8A73B} = {295B9561-CA33-4A32-87C8-2FBB00CE5272}
		{42784270-AE5B-454E-AEE9-89947DF91BF1} = {BD81D2AF-49A0-4F58-894A-7B5E031306D3}
		{521E8D24-E2FE-4854-A8FF-CF534EB606D3} = {295B9561-CA33-4A32-87C8-2FBB00CE5272}
		{37524CF2-0268-4128-A1AB-D246C124BD43} = {BD81D2AF-49A0-4F58-894A-7B5E031306D3}
		{B66507D4-DBB2-4914-9BE3-8E82CF18FCD2} = {BD81D2AF-49A0-4F58-894A-7B5E031306D3}
		{72EC30F4-6839-41AC-B820-7E45B5650C7F} = {BD81D2AF-49A0-4F58-894A-7B5E031306D3}
		{AD6EBE4C-F3E8-4B9D-A27C-8D2ED6292A2C} = {84780378-F874-4AE1-A58B-F71ACCAA27A8}
		{39F20068-9153-4620-910E-959AD481771A} = {84780378-F874-4AE1-A58B-F71ACCAA27A8}
		{980F6078-BDBA-430F-AE6A-8BF89C5BDFE7} = {84780378-F874-4AE1-A58B-F71ACCAA27A8}
		{4CD7F2B0-32CC-477B-BB9F-4A462D507444} = {84780378-F874-4AE1-A58B-F71ACCAA27A8}
		{EAA38384-130B-4244-9F2D-25354EB0DBB2} = {2A2BB6E0-BC7D-46CF-BE68-6E93E752AA77}
		{235B0870-4944-478C-9A7E-53FA283438AC} = {2A2BB6E0-BC7D-46CF-BE68-6E93E752AA77}
		{1F03B18B-622C-487D-9DF8-3DEAF2314E33} = {2A2BB6E0-BC7D-46CF-BE68-6E93E752AA77}
		{039F7785-61BB-48E3-AF9F-7A899931B948} = {2A2BB6E0-BC7D-46CF-BE68-6E93E752AA77}
		{484FA5E1-DA48-457D-A8B2-743B9988EB93} = {2A2BB6E0-BC7D-46CF-BE68-6E93E752AA77}
		{02635EDC-0B1D-40CA-A057-66BB0D1D1092} = {2A2BB6E0-BC7D-46CF-BE68-6E93E752AA77}
		{9A53DEBB-E17A-47D0-9C38-B08EDCEA4070} = {1CA40F08-4304-4A34-996D-E575AA96DC11}
		{33B963E5-77C8-409D-92AF-24C4EA0DDA39} = {1CA40F08-4304-4A34-996D-E575AA96DC11}
		{293C73A8-C3C5-4B96-9CC0-D9B3247C264E} = {1CA40F08-4304-4A34-996D-E575AA96DC11}
		{8F7B8D9D-DE06-4CE5-9737-39B9CDA21B0C} = {1CA40F08-4304-4A34-996D-E575AA96DC11}
		{FCA15704-0C31-4F31-BCDD-880EBF63189F} = {1CA40F08-4304-4A34-996D-E575AA96DC11}
		{5E6B66DB-623B-47C6-80F5-FEC6E6FB1185} = {F072254B-FD0E-4E18-AF2A-7BFE8E5076A0}
		{A0A3182B-0BEF-4334-925D-44047A643C7B} = {F072254B-FD0E-4E18-AF2A-7BFE8E5076A0}
		{F996C5CC-E34C-40B0-B9E4-317D9EA5D982} = {F072254B-FD0E-4E18-AF2A-7BFE8E5076A0}
		{8D7629A8-C38E-4B99-A395-9078D5D509C1} = {F072254B-FD0E-4E18-AF2A-7BFE8E5076A0}
		{A675273E-1505-4ECD-9B0B-4FFB679DC0A6} = {F072254B-FD0E-4E18-AF2A-7BFE8E5076A0}
		{74FFB28A-7620-4B55-BC6B-A2439577D78A} = {F072254B-FD0E-4E18-AF2A-7BFE8E5076A0}
		{60B23276-D085-472B-9D45-C284E9FBBAE9} = {F072254B-FD0E-4E18-AF2A-7BFE8E5076A0}
		{071096D7-9CB3-4DD8-A573-788AD66AF43F} = {F072254B-FD0E-4E18-AF2A-7BFE8E5076A0}
		{D2266A79-B0A5-4045-96BE-262136420057} = {F072254B-FD0E-4E18-AF2A-7BFE8E5076A0}
		{80179AF6-78D4-4FC9-A8B5-5AFEC7DB8967} = {F072254B-FD0E-4E18-AF2A-7BFE8E5076A0}
		{150CF9DF-44D1-4857-B8A2-80ED4DC53572} = {AA9BB0DC-4D73-4A23-9CD6-AD47DB256CEA}
		{C18B31F6-9050-43ED-8469-C6DB6B5E8476} = {AA9BB0DC-4D73-4A23-9CD6-AD47DB256CEA}
		{4A372E0D-D966-4507-9360-4FBDDAC2665F} = {AA9BB0DC-4D73-4A23-9CD6-AD47DB256CEA}
		{C7F872CF-E801-4E84-9ADF-0982F51D83CE} = {AA9BB0DC-4D73-4A23-9CD6-AD47DB256CEA}
		{893A8F5B-08CA-41B5-BB3B-736D0B47DF56} = {AA9BB0DC-4D73-4A23-9CD6-AD47DB256CEA}
		{BAC13F37-BD32-4B13-B319-85D114531388} = {AA9BB0DC-4D73-4A23-9CD6-AD47DB256CEA}
		{58A8618F-097A-47C5-B034-CFD02DC90CB7} = {AA9BB0DC-4D73-4A23-9CD6-AD47DB256CEA}
		{0D39D6E1-1A77-47D8-B985-C3B6FC567398} = {E7E90BBB-8696-4E9B-A29E-43F0AAF9FB13}
		{D6503184-8334-4DDA-8E26-AB8EA3CE872C} = {E7E90BBB-8696-4E9B-A29E-43F0AAF9FB13}
		{A0ABCA55-1AAF-451D-9FE8-63CBF3CEDAE9} = {E7E90BBB-8696-4E9B-A29E-43F0AAF9FB13}
		{EF23E90C-3B6D-4810-B5AD-E6109A9A41F3} = {E7E90BBB-8696-4E9B-A29E-43F0AAF9FB13}
		{DCE18C71-6B90-4F5D-9CBB-942BF9A3A915} = {E7E90BBB-8696-4E9B-A29E-43F0AAF9FB13}
		{C62B6304-7CC7-4FEE-A86F-905A0DF9CE11} = {E7E90BBB-8696-4E9B-A29E-43F0AAF9FB13}
		{CDCEF9E3-21D4-4076-A41E-C8F17AF6543B} = {E7E90BBB-8696-4E9B-A29E-43F0AAF9FB13}
		{AA07102F-62BA-4790-A928-31E6790DACF6} = {E7E90BBB-8696-4E9B-A29E-43F0AAF9FB13}
		{B33DDE99-A895-47C2-97B4-199E01D38CA1} = {E7E90BBB-8696-4E9B-A29E-43F0AAF9FB13}
		{B75D466A-66FE-43EC-8462-8152F7CE96FD} = {9BEDC0D9-23A3-4496-8B64-A207AA40A6F2}
		{3B561569-E631-45FA-9C38-73B054241ADC} = {9BEDC0D9-23A3-4496-8B64-A207AA40A6F2}
		{A09DB7C9-E295-4109-B6C8-74B956F8C324} = {9BEDC0D9-23A3-4496-8B64-A207AA40A6F2}
		{CEE05583-D33F-4506-9D1A-51C07A006960} = {9BEDC0D9-23A3-4496-8B64-A207AA40A6F2}
		{C4D99633-BD41-49DE-A663-F42DCFC89A10} = {9BEDC0D9-23A3-4496-8B64-A207AA40A6F2}
		{8A72B34F-8A27-4C9C-BB14-9E2F251212DD} = {E88FC71B-C6E2-4A76-9416-4D13959EBEDB}
		{B0A4DD20-DDF3-4060-8168-182AB71C0A27} = {E88FC71B-C6E2-4A76-9416-4D13959EBEDB}
	EndGlobalSection
	GlobalSection(ExtensibilityGlobals) = postSolution
		SolutionGuid = {F5AD13B2-6E53-4A0A-BF1A-188ED5256EE3}
	EndGlobalSection
EndGlobal
